// !$*UTF8*$!
{
	archiveVersion = 1;
	classes = {
	};
	objectVersion = 50;
	objects = {

/* Begin PBXBuildFile section */
		00E874682340A23200CF2A7E /* Monthly.storyboard in Resources */ = {isa = PBXBuildFile; fileRef = 00E874672340A23200CF2A7E /* Monthly.storyboard */; };
		00E8746A2340A37400CF2A7E /* MonthlyViewController.swift in Sources */ = {isa = PBXBuildFile; fileRef = 00E874692340A37400CF2A7E /* MonthlyViewController.swift */; };
		00E8746C2340A39400CF2A7E /* MonthlyDetailViewController.swift in Sources */ = {isa = PBXBuildFile; fileRef = 00E8746B2340A39400CF2A7E /* MonthlyDetailViewController.swift */; };
		223ED72A730C213DD645FA2B9F5A799D /* LaunchScreen.storyboard in Resources */ = {isa = PBXBuildFile; fileRef = 1D701E25B9E0F2B7A4655B8CA13A21DB /* LaunchScreen.storyboard */; };
		7D54DB615FAC53C0A8B04C51 /* libPods-XX.a in Frameworks */ = {isa = PBXBuildFile; fileRef = 17EC2C494B0F705437D5BB70 /* libPods-XX.a */; };
		7DEBED294A651EEA06933A9EAE5A8F74 /* ViewController.swift in Sources */ = {isa = PBXBuildFile; fileRef = C10C9814577D19BB15C1A0F78536882F /* ViewController.swift */; };
		9670A0EC99584EE7051E25061AD9BF0A /* Assets.xcassets in Resources */ = {isa = PBXBuildFile; fileRef = 1804DD43026500CA6D81A05C9BDDF4CD /* Assets.xcassets */; };
		AE7B818C46677813242EABBA413566FF /* AppDelegate.swift in Sources */ = {isa = PBXBuildFile; fileRef = B4BC5246FCB604F6A3BB58BA5B780127 /* AppDelegate.swift */; };
		DBE3F7E5F89E44148715F6A61D7A9969 /* Main.storyboard in Resources */ = {isa = PBXBuildFile; fileRef = 449397A9CFD6B7F12E9CCB48B424B12F /* Main.storyboard */; };
		F1E5F6CAB6D058053F8732087D7CE694 /* SighIn.storyboard in Resources */ = {isa = PBXBuildFile; fileRef = AA8370A6AEEA84FD796C974EF559F071 /* SighIn.storyboard */; };
/* End PBXBuildFile section */

/* Begin PBXFileReference section */
		00E874672340A23200CF2A7E /* Monthly.storyboard */ = {isa = PBXFileReference; lastKnownFileType = file.storyboard; path = Monthly.storyboard; sourceTree = "<group>"; };
		00E874692340A37400CF2A7E /* MonthlyViewController.swift */ = {isa = PBXFileReference; lastKnownFileType = sourcecode.swift; path = MonthlyViewController.swift; sourceTree = "<group>"; };
		00E8746B2340A39400CF2A7E /* MonthlyDetailViewController.swift */ = {isa = PBXFileReference; lastKnownFileType = sourcecode.swift; path = MonthlyDetailViewController.swift; sourceTree = "<group>"; };
		0FF3319B24E4B86A758D3134 /* Pods-XX.release.xcconfig */ = {isa = PBXFileReference; includeInIndex = 1; lastKnownFileType = text.xcconfig; name = "Pods-XX.release.xcconfig"; path = "Target Support Files/Pods-XX/Pods-XX.release.xcconfig"; sourceTree = "<group>"; };
		16E7DA482CA5A9A9C5EF137063A8DD4B /* XX-Bridging-Header.h */ = {isa = PBXFileReference; lastKnownFileType = sourcecode.c.h; path = "XX-Bridging-Header.h"; sourceTree = "<group>"; };
		17EC2C494B0F705437D5BB70 /* libPods-XX.a */ = {isa = PBXFileReference; explicitFileType = archive.ar; includeInIndex = 0; path = "libPods-XX.a"; sourceTree = BUILT_PRODUCTS_DIR; };
		1804DD43026500CA6D81A05C9BDDF4CD /* Assets.xcassets */ = {isa = PBXFileReference; lastKnownFileType = folder.assetcatalog; path = Assets.xcassets; sourceTree = "<group>"; };
		2DB51BFFD35912CBBD3406FE669A29F9 /* Base */ = {isa = PBXFileReference; lastKnownFileType = file.storyboard; name = Base; path = Base.lproj/Main.storyboard; sourceTree = "<group>"; };
		3198ED65323477E8CEBDAFE8473202C5 /* Base */ = {isa = PBXFileReference; lastKnownFileType = file.storyboard; name = Base; path = Base.lproj/LaunchScreen.storyboard; sourceTree = "<group>"; };
		6308B3F9D437690B09D2F3527DA9C697 /* XX.app */ = {isa = PBXFileReference; explicitFileType = wrapper.application; includeInIndex = 0; path = XX.app; sourceTree = BUILT_PRODUCTS_DIR; };
		8667175F691AB09092A0D685 /* Pods-XX.debug.xcconfig */ = {isa = PBXFileReference; includeInIndex = 1; lastKnownFileType = text.xcconfig; name = "Pods-XX.debug.xcconfig"; path = "Target Support Files/Pods-XX/Pods-XX.debug.xcconfig"; sourceTree = "<group>"; };
		AA8370A6AEEA84FD796C974EF559F071 /* SighIn.storyboard */ = {isa = PBXFileReference; lastKnownFileType = file.storyboard; path = SighIn.storyboard; sourceTree = "<group>"; };
		B4BC5246FCB604F6A3BB58BA5B780127 /* AppDelegate.swift */ = {isa = PBXFileReference; lastKnownFileType = sourcecode.swift; path = AppDelegate.swift; sourceTree = "<group>"; };
		B77587401D77975FA2FD7C1F98CC1FD8 /* Info.plist */ = {isa = PBXFileReference; lastKnownFileType = text.plist.xml; path = Info.plist; sourceTree = "<group>"; };
		C10C9814577D19BB15C1A0F78536882F /* ViewController.swift */ = {isa = PBXFileReference; lastKnownFileType = sourcecode.swift; path = ViewController.swift; sourceTree = "<group>"; };
/* End PBXFileReference section */

/* Begin PBXFrameworksBuildPhase section */
		F0A4E77EA9C73F257FCFF45FC1D1469B /* Frameworks */ = {
			isa = PBXFrameworksBuildPhase;
			buildActionMask = 2147483647;
			files = (
				7D54DB615FAC53C0A8B04C51 /* libPods-XX.a in Frameworks */,
			);
			runOnlyForDeploymentPostprocessing = 0;
		};
/* End PBXFrameworksBuildPhase section */

/* Begin PBXGroup section */
		00E874662340A20B00CF2A7E /* Monthly */ = {
			isa = PBXGroup;
			children = (
				00E874672340A23200CF2A7E /* Monthly.storyboard */,
				00E874692340A37400CF2A7E /* MonthlyViewController.swift */,
				00E8746B2340A39400CF2A7E /* MonthlyDetailViewController.swift */,
			);
			path = Monthly;
			sourceTree = "<group>";
		};
		4363CACB80B7A5FEE8716F06 /* Frameworks */ = {
			isa = PBXGroup;
			children = (
				17EC2C494B0F705437D5BB70 /* libPods-XX.a */,
			);
			name = Frameworks;
			sourceTree = "<group>";
		};
		5F8E61A9C5FA70CFA449B04E4732D262 /* Products */ = {
			isa = PBXGroup;
			children = (
				6308B3F9D437690B09D2F3527DA9C697 /* XX.app */,
			);
			name = Products;
			sourceTree = "<group>";
		};
		A26EE190954C8C3D043A04B9E4F92133 = {
			isa = PBXGroup;
			children = (
				5F8E61A9C5FA70CFA449B04E4732D262 /* Products */,
				D47A22E91452765DDFD3690BE996AB31 /* XX */,
				E3EDE762942F94A82185D28C /* Pods */,
				4363CACB80B7A5FEE8716F06 /* Frameworks */,
			);
			sourceTree = "<group>";
		};
		D35BBEF956158CFBB9FB8016C66FDEB2 /* SignIn */ = {
			isa = PBXGroup;
			children = (
				AA8370A6AEEA84FD796C974EF559F071 /* SighIn.storyboard */,
			);
			path = SignIn;
			sourceTree = "<group>";
		};
		D47A22E91452765DDFD3690BE996AB31 /* XX */ = {
			isa = PBXGroup;
			children = (
				00E874662340A20B00CF2A7E /* Monthly */,
				D35BBEF956158CFBB9FB8016C66FDEB2 /* SignIn */,
				B4BC5246FCB604F6A3BB58BA5B780127 /* AppDelegate.swift */,
				1804DD43026500CA6D81A05C9BDDF4CD /* Assets.xcassets */,
				B77587401D77975FA2FD7C1F98CC1FD8 /* Info.plist */,
				1D701E25B9E0F2B7A4655B8CA13A21DB /* LaunchScreen.storyboard */,
				449397A9CFD6B7F12E9CCB48B424B12F /* Main.storyboard */,
				C10C9814577D19BB15C1A0F78536882F /* ViewController.swift */,
				16E7DA482CA5A9A9C5EF137063A8DD4B /* XX-Bridging-Header.h */,
			);
			path = XX;
			sourceTree = "<group>";
		};
		E3EDE762942F94A82185D28C /* Pods */ = {
			isa = PBXGroup;
			children = (
				8667175F691AB09092A0D685 /* Pods-XX.debug.xcconfig */,
				0FF3319B24E4B86A758D3134 /* Pods-XX.release.xcconfig */,
			);
			path = Pods;
			sourceTree = "<group>";
		};
/* End PBXGroup section */

/* Begin PBXNativeTarget section */
		07F622AF5D5FF749246C34442CBD84E8 /* XX */ = {
			isa = PBXNativeTarget;
			buildConfigurationList = 440D28CF52A1BAF60963BE56A650A98A /* Build configuration list for PBXNativeTarget "XX" */;
			buildPhases = (
				A9E0B8E77CFED869286B7404 /* [CP] Check Pods Manifest.lock */,
				AB9FC48A240E6824A7ECE3D127A77F8D /* Sources */,
				F0A4E77EA9C73F257FCFF45FC1D1469B /* Frameworks */,
				0E7B343F0232F143B81A254A789943C7 /* Resources */,
			);
			buildRules = (
			);
			dependencies = (
			);
			name = XX;
			productName = XX;
			productReference = 6308B3F9D437690B09D2F3527DA9C697 /* XX.app */;
			productType = "com.apple.product-type.application";
		};
/* End PBXNativeTarget section */

/* Begin PBXProject section */
		8943F008160C603D30F8996B9D24F07A /* Project object */ = {
			isa = PBXProject;
			attributes = {
				LastSwiftUpdateCheck = 1030;
				LastUpgradeCheck = 1030;
				ORGANIZATIONNAME = YAPP;
				TargetAttributes = {
					07F622AF5D5FF749246C34442CBD84E8 = {
						CreatedOnToolsVersion = 10.3;
						LastSwiftMigration = 1030;
					};
				};
			};
			buildConfigurationList = D496A722954185720D633B3BD2A62335 /* Build configuration list for PBXProject "XX" */;
			compatibilityVersion = "Xcode 9.3";
			developmentRegion = en;
			hasScannedForEncodings = 0;
			knownRegions = (
				en,
				Base,
			);
			mainGroup = A26EE190954C8C3D043A04B9E4F92133;
			productRefGroup = 5F8E61A9C5FA70CFA449B04E4732D262 /* Products */;
			projectDirPath = "";
			projectRoot = "";
			targets = (
				07F622AF5D5FF749246C34442CBD84E8 /* XX */,
			);
		};
/* End PBXProject section */

/* Begin PBXResourcesBuildPhase section */
		0E7B343F0232F143B81A254A789943C7 /* Resources */ = {
			isa = PBXResourcesBuildPhase;
			buildActionMask = 2147483647;
			files = (
				00E874682340A23200CF2A7E /* Monthly.storyboard in Resources */,
				9670A0EC99584EE7051E25061AD9BF0A /* Assets.xcassets in Resources */,
				223ED72A730C213DD645FA2B9F5A799D /* LaunchScreen.storyboard in Resources */,
				DBE3F7E5F89E44148715F6A61D7A9969 /* Main.storyboard in Resources */,
				F1E5F6CAB6D058053F8732087D7CE694 /* SighIn.storyboard in Resources */,
			);
			runOnlyForDeploymentPostprocessing = 0;
		};
/* End PBXResourcesBuildPhase section */

/* Begin PBXShellScriptBuildPhase section */
		A9E0B8E77CFED869286B7404 /* [CP] Check Pods Manifest.lock */ = {
			isa = PBXShellScriptBuildPhase;
			buildActionMask = 2147483647;
			files = (
			);
			inputFileListPaths = (
			);
			inputPaths = (
				"${PODS_PODFILE_DIR_PATH}/Podfile.lock",
				"${PODS_ROOT}/Manifest.lock",
			);
			name = "[CP] Check Pods Manifest.lock";
			outputFileListPaths = (
			);
			outputPaths = (
				"$(DERIVED_FILE_DIR)/Pods-XX-checkManifestLockResult.txt",
			);
			runOnlyForDeploymentPostprocessing = 0;
			shellPath = /bin/sh;
			shellScript = "diff \"${PODS_PODFILE_DIR_PATH}/Podfile.lock\" \"${PODS_ROOT}/Manifest.lock\" > /dev/null\nif [ $? != 0 ] ; then\n    # print error to STDERR\n    echo \"error: The sandbox is not in sync with the Podfile.lock. Run 'pod install' or update your CocoaPods installation.\" >&2\n    exit 1\nfi\n# This output is used by Xcode 'outputs' to avoid re-running this script phase.\necho \"SUCCESS\" > \"${SCRIPT_OUTPUT_FILE_0}\"\n";
			showEnvVarsInLog = 0;
		};
/* End PBXShellScriptBuildPhase section */

/* Begin PBXSourcesBuildPhase section */
		AB9FC48A240E6824A7ECE3D127A77F8D /* Sources */ = {
			isa = PBXSourcesBuildPhase;
			buildActionMask = 2147483647;
			files = (
				00E8746A2340A37400CF2A7E /* MonthlyViewController.swift in Sources */,
				AE7B818C46677813242EABBA413566FF /* AppDelegate.swift in Sources */,
				7DEBED294A651EEA06933A9EAE5A8F74 /* ViewController.swift in Sources */,
				00E8746C2340A39400CF2A7E /* MonthlyDetailViewController.swift in Sources */,
			);
			runOnlyForDeploymentPostprocessing = 0;
		};
/* End PBXSourcesBuildPhase section */

/* Begin PBXVariantGroup section */
		1D701E25B9E0F2B7A4655B8CA13A21DB /* LaunchScreen.storyboard */ = {
			isa = PBXVariantGroup;
			children = (
				3198ED65323477E8CEBDAFE8473202C5 /* Base */,
			);
			name = LaunchScreen.storyboard;
			sourceTree = "<group>";
		};
		449397A9CFD6B7F12E9CCB48B424B12F /* Main.storyboard */ = {
			isa = PBXVariantGroup;
			children = (
				2DB51BFFD35912CBBD3406FE669A29F9 /* Base */,
			);
			name = Main.storyboard;
			sourceTree = "<group>";
		};
/* End PBXVariantGroup section */

/* Begin XCBuildConfiguration section */
		46D1817B8A1A520F651124C06B9810B6 /* Debug */ = {
			isa = XCBuildConfiguration;
			baseConfigurationReference = 8667175F691AB09092A0D685 /* Pods-XX.debug.xcconfig */;
			buildSettings = {
				ASSETCATALOG_COMPILER_APPICON_NAME = AppIcon;
				CLANG_ENABLE_MODULES = YES;
				CODE_SIGN_STYLE = Automatic;
				DEVELOPMENT_TEAM = 79JAW5V2W8;
				INFOPLIST_FILE = XX/Info.plist;
				LD_RUNPATH_SEARCH_PATHS = (
					"$(inherited)",
					"@executable_path/Frameworks",
				);
				PRODUCT_BUNDLE_IDENTIFIER = com.yapp.XX11;
				PRODUCT_NAME = "$(TARGET_NAME)";
				SWIFT_OBJC_BRIDGING_HEADER = "XX/XX-Bridging-Header.h";
				SWIFT_OPTIMIZATION_LEVEL = "-Onone";
				SWIFT_VERSION = 5.0;
				TARGETED_DEVICE_FAMILY = 1;
			};
			name = Debug;
		};
		6B3E83995DB6F7D3A2352722CBE24A21 /* Debug */ = {
			isa = XCBuildConfiguration;
			buildSettings = {
				ALWAYS_SEARCH_USER_PATHS = NO;
				CLANG_ANALYZER_NONNULL = YES;
				CLANG_ANALYZER_NUMBER_OBJECT_CONVERSION = YES_AGGRESSIVE;
				CLANG_CXX_LANGUAGE_STANDARD = "gnu++14";
				CLANG_CXX_LIBRARY = "libc++";
				CLANG_ENABLE_MODULES = YES;
				CLANG_ENABLE_OBJC_ARC = YES;
				CLANG_ENABLE_OBJC_WEAK = YES;
				CLANG_WARN_BLOCK_CAPTURE_AUTORELEASING = YES;
				CLANG_WARN_BOOL_CONVERSION = YES;
				CLANG_WARN_COMMA = YES;
				CLANG_WARN_CONSTANT_CONVERSION = YES;
				CLANG_WARN_DEPRECATED_OBJC_IMPLEMENTATIONS = YES;
				CLANG_WARN_DIRECT_OBJC_ISA_USAGE = YES_ERROR;
				CLANG_WARN_DOCUMENTATION_COMMENTS = YES;
				CLANG_WARN_EMPTY_BODY = YES;
				CLANG_WARN_ENUM_CONVERSION = YES;
				CLANG_WARN_INFINITE_RECURSION = YES;
				CLANG_WARN_INT_CONVERSION = YES;
				CLANG_WARN_NON_LITERAL_NULL_CONVERSION = YES;
				CLANG_WARN_OBJC_IMPLICIT_RETAIN_SELF = YES;
				CLANG_WARN_OBJC_LITERAL_CONVERSION = YES;
				CLANG_WARN_OBJC_ROOT_CLASS = YES_ERROR;
				CLANG_WARN_RANGE_LOOP_ANALYSIS = YES;
				CLANG_WARN_STRICT_PROTOTYPES = YES;
				CLANG_WARN_SUSPICIOUS_MOVE = YES;
				CLANG_WARN_UNGUARDED_AVAILABILITY = YES_AGGRESSIVE;
				CLANG_WARN_UNREACHABLE_CODE = YES;
				CLANG_WARN__DUPLICATE_METHOD_MATCH = YES;
				CODE_SIGN_IDENTITY = "iPhone Developer";
				COPY_PHASE_STRIP = NO;
				DEBUG_INFORMATION_FORMAT = dwarf;
				ENABLE_STRICT_OBJC_MSGSEND = YES;
				ENABLE_TESTABILITY = YES;
				GCC_C_LANGUAGE_STANDARD = gnu11;
				GCC_DYNAMIC_NO_PIC = NO;
				GCC_NO_COMMON_BLOCKS = YES;
				GCC_OPTIMIZATION_LEVEL = 0;
				GCC_PREPROCESSOR_DEFINITIONS = (
					"DEBUG=1",
					"$(inherited)",
				);
				GCC_WARN_64_TO_32_BIT_CONVERSION = YES;
				GCC_WARN_ABOUT_RETURN_TYPE = YES_ERROR;
				GCC_WARN_UNDECLARED_SELECTOR = YES;
				GCC_WARN_UNINITIALIZED_AUTOS = YES_AGGRESSIVE;
				GCC_WARN_UNUSED_FUNCTION = YES;
				GCC_WARN_UNUSED_VARIABLE = YES;
				IPHONEOS_DEPLOYMENT_TARGET = 12.4;
				MTL_ENABLE_DEBUG_INFO = INCLUDE_SOURCE;
				MTL_FAST_MATH = YES;
				ONLY_ACTIVE_ARCH = YES;
				SDKROOT = iphoneos;
				SWIFT_ACTIVE_COMPILATION_CONDITIONS = DEBUG;
				SWIFT_OPTIMIZATION_LEVEL = "-Onone";
			};
			name = Debug;
		};
		D6A52F38B9F9D8181348F70ABCABAF83 /* Release */ = {
			isa = XCBuildConfiguration;
			buildSettings = {
				ALWAYS_SEARCH_USER_PATHS = NO;
				CLANG_ANALYZER_NONNULL = YES;
				CLANG_ANALYZER_NUMBER_OBJECT_CONVERSION = YES_AGGRESSIVE;
				CLANG_CXX_LANGUAGE_STANDARD = "gnu++14";
				CLANG_CXX_LIBRARY = "libc++";
				CLANG_ENABLE_MODULES = YES;
				CLANG_ENABLE_OBJC_ARC = YES;
				CLANG_ENABLE_OBJC_WEAK = YES;
				CLANG_WARN_BLOCK_CAPTURE_AUTORELEASING = YES;
				CLANG_WARN_BOOL_CONVERSION = YES;
				CLANG_WARN_COMMA = YES;
				CLANG_WARN_CONSTANT_CONVERSION = YES;
				CLANG_WARN_DEPRECATED_OBJC_IMPLEMENTATIONS = YES;
				CLANG_WARN_DIRECT_OBJC_ISA_USAGE = YES_ERROR;
				CLANG_WARN_DOCUMENTATION_COMMENTS = YES;
				CLANG_WARN_EMPTY_BODY = YES;
				CLANG_WARN_ENUM_CONVERSION = YES;
				CLANG_WARN_INFINITE_RECURSION = YES;
				CLANG_WARN_INT_CONVERSION = YES;
				CLANG_WARN_NON_LITERAL_NULL_CONVERSION = YES;
				CLANG_WARN_OBJC_IMPLICIT_RETAIN_SELF = YES;
				CLANG_WARN_OBJC_LITERAL_CONVERSION = YES;
				CLANG_WARN_OBJC_ROOT_CLASS = YES_ERROR;
				CLANG_WARN_RANGE_LOOP_ANALYSIS = YES;
				CLANG_WARN_STRICT_PROTOTYPES = YES;
				CLANG_WARN_SUSPICIOUS_MOVE = YES;
				CLANG_WARN_UNGUARDED_AVAILABILITY = YES_AGGRESSIVE;
				CLANG_WARN_UNREACHABLE_CODE = YES;
				CLANG_WARN__DUPLICATE_METHOD_MATCH = YES;
				CODE_SIGN_IDENTITY = "iPhone Developer";
				COPY_PHASE_STRIP = NO;
				DEBUG_INFORMATION_FORMAT = "dwarf-with-dsym";
				ENABLE_NS_ASSERTIONS = NO;
				ENABLE_STRICT_OBJC_MSGSEND = YES;
				GCC_C_LANGUAGE_STANDARD = gnu11;
				GCC_NO_COMMON_BLOCKS = YES;
				GCC_WARN_64_TO_32_BIT_CONVERSION = YES;
				GCC_WARN_ABOUT_RETURN_TYPE = YES_ERROR;
				GCC_WARN_UNDECLARED_SELECTOR = YES;
				GCC_WARN_UNINITIALIZED_AUTOS = YES_AGGRESSIVE;
				GCC_WARN_UNUSED_FUNCTION = YES;
				GCC_WARN_UNUSED_VARIABLE = YES;
				IPHONEOS_DEPLOYMENT_TARGET = 12.4;
				MTL_ENABLE_DEBUG_INFO = NO;
				MTL_FAST_MATH = YES;
				SDKROOT = iphoneos;
				SWIFT_COMPILATION_MODE = wholemodule;
				SWIFT_OPTIMIZATION_LEVEL = "-O";
				VALIDATE_PRODUCT = YES;
			};
			name = Release;
		};
		EC422D7CD78233DA8D07F8C117D532AE /* Release */ = {
			isa = XCBuildConfiguration;
			baseConfigurationReference = 0FF3319B24E4B86A758D3134 /* Pods-XX.release.xcconfig */;
			buildSettings = {
				ASSETCATALOG_COMPILER_APPICON_NAME = AppIcon;
				CLANG_ENABLE_MODULES = YES;
				CODE_SIGN_STYLE = Automatic;
				DEVELOPMENT_TEAM = 79JAW5V2W8;
				INFOPLIST_FILE = XX/Info.plist;
				LD_RUNPATH_SEARCH_PATHS = (
					"$(inherited)",
					"@executable_path/Frameworks",
				);
				PRODUCT_BUNDLE_IDENTIFIER = com.yapp.XX11;
				PRODUCT_NAME = "$(TARGET_NAME)";
				SWIFT_OBJC_BRIDGING_HEADER = "XX/XX-Bridging-Header.h";
				SWIFT_VERSION = 5.0;
				TARGETED_DEVICE_FAMILY = 1;
			};
			name = Release;
		};
/* End XCBuildConfiguration section */

/* Begin XCConfigurationList section */
		440D28CF52A1BAF60963BE56A650A98A /* Build configuration list for PBXNativeTarget "XX" */ = {
			isa = XCConfigurationList;
			buildConfigurations = (
				46D1817B8A1A520F651124C06B9810B6 /* Debug */,
				EC422D7CD78233DA8D07F8C117D532AE /* Release */,
			);
			defaultConfigurationIsVisible = 0;
			defaultConfigurationName = Release;
		};
		D496A722954185720D633B3BD2A62335 /* Build configuration list for PBXProject "XX" */ = {
			isa = XCConfigurationList;
			buildConfigurations = (
				6B3E83995DB6F7D3A2352722CBE24A21 /* Debug */,
				D6A52F38B9F9D8181348F70ABCABAF83 /* Release */,
			);
			defaultConfigurationIsVisible = 0;
			defaultConfigurationName = Release;
		};
/* End XCConfigurationList section */
	};
	rootObject = 8943F008160C603D30F8996B9D24F07A /* Project object */;
}
