// !$*UTF8*$!
{
	archiveVersion = 1;
	classes = {
	};
	objectVersion = 50;
	objects = {

/* Begin PBXBuildFile section */
		C75768B3A00CFA926BB0C5D2A6EFBE80 /* AddSpendViewController.swift in Sources */ = {isa = PBXBuildFile; fileRef = D07CE2E344D01FE39E699B81BA0F9219 /* AddSpendViewController.swift */; };
		1BF9D63D7E1576D2C83D13559FAE1077 /* AddSpendViewModel.swift in Sources */ = {isa = PBXBuildFile; fileRef = 738E556539AE191441DBEAFE2A2CB043 /* AddSpendViewModel.swift */; };
		AE7B818C46677813242EABBA413566FF /* AppDelegate.swift in Sources */ = {isa = PBXBuildFile; fileRef = B4BC5246FCB604F6A3BB58BA5B780127 /* AppDelegate.swift */; };
		9670A0EC99584EE7051E25061AD9BF0A /* Assets.xcassets in Resources */ = {isa = PBXBuildFile; fileRef = 1804DD43026500CA6D81A05C9BDDF4CD /* Assets.xcassets */; };
		4C29CC812411E4D951452C31DCCD2D72 /* BaseNavigationController.swift in Sources */ = {isa = PBXBuildFile; fileRef = 724B803EB5344423671AC87D330DD197 /* BaseNavigationController.swift */; };
		FD8F6B81BF3EDE0D7AB6D6D8124DC57F /* BaseViewController.swift in Sources */ = {isa = PBXBuildFile; fileRef = 1E429FD2698733BFF65BBCB3D7E1B161 /* BaseViewController.swift */; };
		2D06B93D1FE35A15D8818E62E44714D9 /* BaseViewModel.swift in Sources */ = {isa = PBXBuildFile; fileRef = A4895444E6480A8CDFD3913D59A3CAED /* BaseViewModel.swift */; };
		4B2C9C91E75C2568D265433E93B9A0BF /* BudgetSettingCellViewModel.swift in Sources */ = {isa = PBXBuildFile; fileRef = FDE88213D0AF19A29FE1500DD206DEA6 /* BudgetSettingCellViewModel.swift */; };
		F3938F911F21B41938274A1CCA1570E1 /* BudgetSettingViewModel.swift in Sources */ = {isa = PBXBuildFile; fileRef = 484A87D2ED5D908FC992517FEBA762C9 /* BudgetSettingViewModel.swift */; };
		4A9D2BC5C8895271E7CF2E25D7AE28DF /* BudgetTableViewCell.swift in Sources */ = {isa = PBXBuildFile; fileRef = 2508380CF5CD7E6E356C6DEC13267381 /* BudgetTableViewCell.swift */; };
		603003EC7E38AEB84B84D392D4137F42 /* CategoriesSettingViewModel.swift in Sources */ = {isa = PBXBuildFile; fileRef = B9E5DDBA6A738E5C268A6913A43F300B /* CategoriesSettingViewModel.swift */; };
		BE30794A07C69501C35002C7B4A12C56 /* Category.swift in Sources */ = {isa = PBXBuildFile; fileRef = 6B06779D33F3A91331AB10E1E71DF19C /* Category.swift */; };
		7B3891592424EF60C327AD01CF9F9C87 /* CategorySettingCellViewModel.swift in Sources */ = {isa = PBXBuildFile; fileRef = 880B519144692C8D3AEA24ED7878F28D /* CategorySettingCellViewModel.swift */; };
		096784B8E066D019896FF0FA39CD7A5A /* CategoryTableViewCell.swift in Sources */ = {isa = PBXBuildFile; fileRef = 02CF0EFA887F01237D45193D24A1034C /* CategoryTableViewCell.swift */; };
		E8E2BD1636B1E003174FE1EB46AA74F9 /* IncomeSettingViewModel.swift in Sources */ = {isa = PBXBuildFile; fileRef = 7D00AB9B82604B3B1782A54E6C622B9D /* IncomeSettingViewModel.swift */; };
		223ED72A730C213DD645FA2B9F5A799D /* LaunchScreen.storyboard in Resources */ = {isa = PBXBuildFile; fileRef = 1D701E25B9E0F2B7A4655B8CA13A21DB /* LaunchScreen.storyboard */; };
		4B1FE16BC0F0A1D5D6C14025674E8081 /* Login.storyboard in Resources */ = {isa = PBXBuildFile; fileRef = 2C10A12E4539A07076F20C7F6372D2BA /* Login.storyboard */; };
		66B5D9CA9BE38D7BE26ED69861DB8828 /* LoginScene.swift in Sources */ = {isa = PBXBuildFile; fileRef = 60687211048EC6F549D031B5927CDF82 /* LoginScene.swift */; };
		02EBDD96D4B6C9D9DB4621BE55CE2A89 /* Main.storyboard in Resources */ = {isa = PBXBuildFile; fileRef = AF99EAF8D88AF592A9B17401D5C8884F /* Main.storyboard */; };
		F20A424D6799FDDD61690CB65C807B7B /* MainCollectionViewCell.swift in Sources */ = {isa = PBXBuildFile; fileRef = 4F78F2910C824934B559CB546F0E3507 /* MainCollectionViewCell.swift */; };
		8DC1AA648D9F842C8D738640645B8F7C /* MainHeaderCollectionViewCell.swift in Sources */ = {isa = PBXBuildFile; fileRef = 76F43A84FCA52074028BD2E73B71C9FD /* MainHeaderCollectionViewCell.swift */; };
		39AAD7B44516456C0BA824FF063DCBB9 /* MainHeaderCollectionViewFirstCell.xib in Resources */ = {isa = PBXBuildFile; fileRef = EB553AA1A2778827756C28818B9BF0F8 /* MainHeaderCollectionViewFirstCell.xib */; };
		4A696BF18ACDBF8AE4DAD2098A675435 /* MainHeaderCollectionViewSecondCell.xib in Resources */ = {isa = PBXBuildFile; fileRef = C176A325C1DD0AFD51E141899A540661 /* MainHeaderCollectionViewSecondCell.xib */; };
		FB5AF5B3993320678C5F151E0DF0EAF7 /* MainHeaderReusableView.swift in Sources */ = {isa = PBXBuildFile; fileRef = 7EF98CAF68157B3C8EA0887DBF2FEC87 /* MainHeaderReusableView.swift */; };
		912A9F5291C8C1625CB77444565F6994 /* MainModel.swift in Sources */ = {isa = PBXBuildFile; fileRef = 5F83A6CE5429EE16FF0B5133394310B9 /* MainModel.swift */; };
		72FA4BC141F9E7B9F893D099B53CC9E3 /* MainScene.swift in Sources */ = {isa = PBXBuildFile; fileRef = 6CCC707BBED789D71E6127975D5CC524 /* MainScene.swift */; };
		38FEA117096F1D46D90AA026D93A3B6F /* MainViewController.swift in Sources */ = {isa = PBXBuildFile; fileRef = FD1AF7925AB387262EC6B1D346BD4156 /* MainViewController.swift */; };
		24F783C1E079C010D720EFE1A143DAD1 /* MainViewModel.swift in Sources */ = {isa = PBXBuildFile; fileRef = 9ED0A6CB57C5CDE19E03BAE0332159EC /* MainViewModel.swift */; };
		07BBB144363AB6A20CD8852FA06CF9E6 /* MemoryStorage.swift in Sources */ = {isa = PBXBuildFile; fileRef = 486625662197A270EA59C72A4FBD45F1 /* MemoryStorage.swift */; };
		63F69DE98213B3B318E76B0047A88115 /* Mondey.xcdatamodeld in Sources */ = {isa = PBXBuildFile; fileRef = 6A936F4821BD2FC82AAA38CB1DC2CC92 /* Mondey.xcdatamodeld */; };
		C08BF90539FF4313AB4E19F32CFC1565 /* MondeyHelper.swift in Sources */ = {isa = PBXBuildFile; fileRef = CADD02E7652499D489E813575EEA19BE /* MondeyHelper.swift */; };
		B5030133F678E996B7B741B7C3F4E64B /* Monthly.storyboard in Resources */ = {isa = PBXBuildFile; fileRef = 8C2BC21625B8C929876517CC6FD097F0 /* Monthly.storyboard */; };
		6C9CC6853D75E2B86B5B4AC99EAEE245 /* MonthlyDetailViewController.swift in Sources */ = {isa = PBXBuildFile; fileRef = 6B5446564638BF1A7EEDF131B2A36531 /* MonthlyDetailViewController.swift */; };
		44C8B961892C093C26E5DCF347283052 /* MonthlyDetailViewModel.swift in Sources */ = {isa = PBXBuildFile; fileRef = 30BDBA524DD43D4E6913C38F6120EBA6 /* MonthlyDetailViewModel.swift */; };
		58E638DC9C7CE5971118BB3E19A43D49 /* MonthlyScene.swift in Sources */ = {isa = PBXBuildFile; fileRef = 08E8DC1A459825C9EE4564BE1F508E11 /* MonthlyScene.swift */; };
		0A993601A00CE3944A609815403A5469 /* MonthlyViewController.swift in Sources */ = {isa = PBXBuildFile; fileRef = 834757FE49312AA01EA232D9554F6C71 /* MonthlyViewController.swift */; };
		712706B430FD25B3DA1FCDED455B885E /* MonthlyViewModel.swift in Sources */ = {isa = PBXBuildFile; fileRef = 22783BB2F8803ACD802AD66E18EEB8EA /* MonthlyViewModel.swift */; };
		E874BBE86D5AF1B4E773EFDB445C4A0E /* NotiSettingViewModel.swift in Sources */ = {isa = PBXBuildFile; fileRef = DDF26EA2C8A016E85AA9551B161C77F7 /* NotiSettingViewModel.swift */; };
		69C6FFD4259B6042514ED81A749A5620 /* PeriodSettingCellViewModel.swift in Sources */ = {isa = PBXBuildFile; fileRef = 8195961B983041689C51594BF57BC8BF /* PeriodSettingCellViewModel.swift */; };
		1A358A6839EBB6819BEAD234E1C4DC65 /* PeriodSettingViewModel.swift in Sources */ = {isa = PBXBuildFile; fileRef = EC173066ED5D3A3CDD4FBE5669249FB1 /* PeriodSettingViewModel.swift */; };
		5F3C0A6B8531A015008E4347696FD82F /* PeriodTableViewCell.swift in Sources */ = {isa = PBXBuildFile; fileRef = DFF9206064745106525D2C633668E406 /* PeriodTableViewCell.swift */; };
		F7EF9320E055D3267D1F15D35589FB17 /* PickYearViewController.swift in Sources */ = {isa = PBXBuildFile; fileRef = BFE1211BC23B04E9A2772DAA5D13ACFC /* PickYearViewController.swift */; };
		6627483763586FE1F6DE6D8B478AB3BB /* PickYearViewModel.swift in Sources */ = {isa = PBXBuildFile; fileRef = 0414AE8FCCAD778E57EF5D9958854EF1 /* PickYearViewModel.swift */; };
		38F6746B5DA8080758A3441EC5B09630 /* SceneCoodinator.swift in Sources */ = {isa = PBXBuildFile; fileRef = A51E23BF7FDD3AECA55D43968CBEB36C /* SceneCoodinator.swift */; };
		92B44D897CC121E71478E3D924BBB9AE /* SceneCoordinatorType.swift in Sources */ = {isa = PBXBuildFile; fileRef = 3181263BA19227365FB8377CDDB482E0 /* SceneCoordinatorType.swift */; };
		FA30A9E53799F716A3121C7AF8609155 /* SceneType.swift in Sources */ = {isa = PBXBuildFile; fileRef = CD096E46260FC30E734B2AF8E9CF0643 /* SceneType.swift */; };
		2706778CB2B9D55C64BA9AD07190296A /* SignInViewController.swift in Sources */ = {isa = PBXBuildFile; fileRef = BD04846A532B0663F600B728A04FD072 /* SignInViewController.swift */; };
		C93FA50F0134001F268B1D39234FECA9 /* SignInViewModel.swift in Sources */ = {isa = PBXBuildFile; fileRef = 93AE0B91F54758072614DDB83C503BCA /* SignInViewModel.swift */; };
		38A41A0484EB2647B6A23300BEBA350A /* SignUpSetting.storyboard in Resources */ = {isa = PBXBuildFile; fileRef = 46CB144E4D4219EF3A2E5CEA2A19FB82 /* SignUpSetting.storyboard */; };
		61C7BB6B4CD1078B91F132764B98DA05 /* SignUpSettingCellBindableType.swift in Sources */ = {isa = PBXBuildFile; fileRef = E9029853C6597E3EC596A9CFC9BB88BD /* SignUpSettingCellBindableType.swift */; };
		F633821295C4478FDE5459DFCE7D2CAD /* SignUpSettingCellViewModel.swift in Sources */ = {isa = PBXBuildFile; fileRef = 75EFF45EC02E88969D7561EA20A6DBFB /* SignUpSettingCellViewModel.swift */; };
		83DF0EBDEE8508B4AD9B576FF6915503 /* SignUpSettingCompletionViewModel.swift in Sources */ = {isa = PBXBuildFile; fileRef = 7E114D67CA2494271ABB11D76DCFB57F /* SignUpSettingCompletionViewModel.swift */; };
		68510576E9A92B8D49082F08DEF48DB6 /* SignUpSettingScene.swift in Sources */ = {isa = PBXBuildFile; fileRef = 42AC6A469340B4C875E1F540B149E4DE /* SignUpSettingScene.swift */; };
		1CDFFC3C20BDE3DD0D37358AFD59D33B /* SignUpViewController.swift in Sources */ = {isa = PBXBuildFile; fileRef = ACE50B2B5BB12BE66EFBD9DA426DBAFC /* SignUpViewController.swift */; };
		8E88399312D9B7EF91074C69BCAFCA89 /* SignUpViewModel.swift in Sources */ = {isa = PBXBuildFile; fileRef = DF604F507534A2C14532AD6A133C5515 /* SignUpViewModel.swift */; };
		B6EF7E75226D48508657748DF4F6A860 /* SpendDetailViewController.swift in Sources */ = {isa = PBXBuildFile; fileRef = 45070BC95B3A99E9381647C32E64A46D /* SpendDetailViewController.swift */; };
		882E8FDD4BE98301AC748C10685190F7 /* SpendDetailViewModel.swift in Sources */ = {isa = PBXBuildFile; fileRef = 336B4C704D5B00AA7C5BDDE2D6642C43 /* SpendDetailViewModel.swift */; };
		66CE51BA39C5A538EB55ACD9224BE78D /* Spoqa Han Sans Bold.ttf in Resources */ = {isa = PBXBuildFile; fileRef = 98133003CF745D4DD6E25150801CD1CB /* Spoqa Han Sans Bold.ttf */; };
		F0F3579A37A9B89B117625F19EB05CAE /* Spoqa Han Sans Light.ttf in Resources */ = {isa = PBXBuildFile; fileRef = 259D3CB5282D0F9ED1777404313E690E /* Spoqa Han Sans Light.ttf */; };
		78C1F3DCCCC8E3530B3755B88C421452 /* Spoqa Han Sans Regular.ttf in Resources */ = {isa = PBXBuildFile; fileRef = DB053A44D9FE080E290D1D692073797F /* Spoqa Han Sans Regular.ttf */; };
		8672DA95A88FA897309DC4CFF5598E05 /* Spoqa Han Sans Thin.ttf in Resources */ = {isa = PBXBuildFile; fileRef = DBCA70C678ED74B2AC39E9DF945F177C /* Spoqa Han Sans Thin.ttf */; };
		40B6DA6ACC77A19D399E3CF1B4BFDBA9 /* StorageType.swift in Sources */ = {isa = PBXBuildFile; fileRef = CA70CD79EB1D095957D26A630106FD42 /* StorageType.swift */; };
		E77FA397D6E6A42BEFAAEF066305FFE8 /* TransitionModel.swift in Sources */ = {isa = PBXBuildFile; fileRef = 79FFC9A5E81953AE7A6D696656DBCED2 /* TransitionModel.swift */; };
		63E7A38BE78A631B753034892FE50956 /* UICollectionViewCell+.swift in Sources */ = {isa = PBXBuildFile; fileRef = 07413C204A4AC0073518805EB39FF0E5 /* UICollectionViewCell+.swift */; };
		64D306CF1D59A9D3D974A84BB3EA03AB /* UIImage+Extension.swift in Sources */ = {isa = PBXBuildFile; fileRef = 4107897DBF3CCAA4779B23E86E1387F9 /* UIImage+Extension.swift */; };
		F7CD5236AB51D27B3623EC54A8C18E9E /* UIView+.swift in Sources */ = {isa = PBXBuildFile; fileRef = 5F93A60BFC6C671C7FCE2023CF703B6C /* UIView+.swift */; };
		83DCCA8964F62E09E2047E4E21D5866B /* UIViewController+Extension.swift in Sources */ = {isa = PBXBuildFile; fileRef = A4917B1D22A8C3EF7B8339A254711E79 /* UIViewController+Extension.swift */; };
		9DC4EF5B43958B23EFA503EFC33CE93B /* UserDefaultManager.swift in Sources */ = {isa = PBXBuildFile; fileRef = EF97EEDD2D530F74F0747908526DA77A /* UserDefaultManager.swift */; };
		7DEBED294A651EEA06933A9EAE5A8F74 /* ViewController.swift in Sources */ = {isa = PBXBuildFile; fileRef = C10C9814577D19BB15C1A0F78536882F /* ViewController.swift */; };
		3B0BF5672BD1DC92262333A57827824F /* ViewModelBindableType.swift in Sources */ = {isa = PBXBuildFile; fileRef = 18C7B0C6AB31D4E58374A9E5B5D7487D /* ViewModelBindableType.swift */; };
		5C5BDABA70FE84E6E7335DF7B3F143FF /* libPods-XX.a in Frameworks */ = {isa = PBXBuildFile; fileRef = 923C070BA90956B673B7DBE6D2AC2EC4 /* libPods-XX.a */; };
/* End PBXBuildFile section */

/* Begin PBXFileReference section */
		D07CE2E344D01FE39E699B81BA0F9219 /* AddSpendViewController.swift */ = {isa = PBXFileReference; fileEncoding = 4; lastKnownFileType = sourcecode.swift; path = AddSpendViewController.swift; sourceTree = "<group>"; };
		738E556539AE191441DBEAFE2A2CB043 /* AddSpendViewModel.swift */ = {isa = PBXFileReference; fileEncoding = 4; lastKnownFileType = sourcecode.swift; path = AddSpendViewModel.swift; sourceTree = "<group>"; };
		B4BC5246FCB604F6A3BB58BA5B780127 /* AppDelegate.swift */ = {isa = PBXFileReference; lastKnownFileType = sourcecode.swift; path = AppDelegate.swift; sourceTree = "<group>"; };
		1804DD43026500CA6D81A05C9BDDF4CD /* Assets.xcassets */ = {isa = PBXFileReference; lastKnownFileType = folder.assetcatalog; path = Assets.xcassets; sourceTree = "<group>"; };
		3198ED65323477E8CEBDAFE8473202C5 /* Base */ = {isa = PBXFileReference; lastKnownFileType = file.storyboard; name = Base; path = Base.lproj/LaunchScreen.storyboard; sourceTree = "<group>"; };
		763EF3FC074C51F63386054AE5094185 /* Base */ = {isa = PBXFileReference; lastKnownFileType = file.storyboard; name = Base; path = Base.lproj/Main.storyboard; sourceTree = "<group>"; };
		724B803EB5344423671AC87D330DD197 /* BaseNavigationController.swift */ = {isa = PBXFileReference; lastKnownFileType = sourcecode.swift; path = BaseNavigationController.swift; sourceTree = "<group>"; };
		1E429FD2698733BFF65BBCB3D7E1B161 /* BaseViewController.swift */ = {isa = PBXFileReference; lastKnownFileType = sourcecode.swift; path = BaseViewController.swift; sourceTree = "<group>"; };
		A4895444E6480A8CDFD3913D59A3CAED /* BaseViewModel.swift */ = {isa = PBXFileReference; lastKnownFileType = sourcecode.swift; path = BaseViewModel.swift; sourceTree = "<group>"; };
		FDE88213D0AF19A29FE1500DD206DEA6 /* BudgetSettingCellViewModel.swift */ = {isa = PBXFileReference; lastKnownFileType = sourcecode.swift; name = BudgetSettingCellViewModel.swift; path = XX/initialize/ViewModel/CellViewModel/BudgetSettingCellViewModel.swift; sourceTree = SOURCE_ROOT; };
		484A87D2ED5D908FC992517FEBA762C9 /* BudgetSettingViewModel.swift */ = {isa = PBXFileReference; fileEncoding = 4; lastKnownFileType = sourcecode.swift; path = BudgetSettingViewModel.swift; sourceTree = "<group>"; };
		2508380CF5CD7E6E356C6DEC13267381 /* BudgetTableViewCell.swift */ = {isa = PBXFileReference; lastKnownFileType = sourcecode.swift; name = BudgetTableViewCell.swift; path = XX/initialize/View/TableViewCell/BudgetTableViewCell.swift; sourceTree = SOURCE_ROOT; };
		B9E5DDBA6A738E5C268A6913A43F300B /* CategoriesSettingViewModel.swift */ = {isa = PBXFileReference; fileEncoding = 4; lastKnownFileType = sourcecode.swift; path = CategoriesSettingViewModel.swift; sourceTree = "<group>"; };
		6B06779D33F3A91331AB10E1E71DF19C /* Category.swift */ = {isa = PBXFileReference; lastKnownFileType = sourcecode.swift; path = Category.swift; sourceTree = "<group>"; };
		880B519144692C8D3AEA24ED7878F28D /* CategorySettingCellViewModel.swift */ = {isa = PBXFileReference; lastKnownFileType = sourcecode.swift; name = CategorySettingCellViewModel.swift; path = XX/initialize/ViewModel/CellViewModel/CategorySettingCellViewModel.swift; sourceTree = SOURCE_ROOT; };
		02CF0EFA887F01237D45193D24A1034C /* CategoryTableViewCell.swift */ = {isa = PBXFileReference; lastKnownFileType = sourcecode.swift; name = CategoryTableViewCell.swift; path = XX/initialize/View/TableViewCell/CategoryTableViewCell.swift; sourceTree = SOURCE_ROOT; };
		7D00AB9B82604B3B1782A54E6C622B9D /* IncomeSettingViewModel.swift */ = {isa = PBXFileReference; fileEncoding = 4; lastKnownFileType = sourcecode.swift; path = IncomeSettingViewModel.swift; sourceTree = "<group>"; };
		B77587401D77975FA2FD7C1F98CC1FD8 /* Info.plist */ = {isa = PBXFileReference; lastKnownFileType = text.plist.xml; path = Info.plist; sourceTree = "<group>"; };
		2C10A12E4539A07076F20C7F6372D2BA /* Login.storyboard */ = {isa = PBXFileReference; lastKnownFileType = file.storyboard; path = Login.storyboard; sourceTree = "<group>"; };
		60687211048EC6F549D031B5927CDF82 /* LoginScene.swift */ = {isa = PBXFileReference; lastKnownFileType = sourcecode.swift; path = LoginScene.swift; sourceTree = "<group>"; };
		4F78F2910C824934B559CB546F0E3507 /* MainCollectionViewCell.swift */ = {isa = PBXFileReference; lastKnownFileType = sourcecode.swift; path = MainCollectionViewCell.swift; sourceTree = "<group>"; };
		76F43A84FCA52074028BD2E73B71C9FD /* MainHeaderCollectionViewCell.swift */ = {isa = PBXFileReference; fileEncoding = 4; lastKnownFileType = sourcecode.swift; path = MainHeaderCollectionViewCell.swift; sourceTree = "<group>"; };
		EB553AA1A2778827756C28818B9BF0F8 /* MainHeaderCollectionViewFirstCell.xib */ = {isa = PBXFileReference; fileEncoding = 4; lastKnownFileType = file.xib; path = MainHeaderCollectionViewFirstCell.xib; sourceTree = "<group>"; };
		C176A325C1DD0AFD51E141899A540661 /* MainHeaderCollectionViewSecondCell.xib */ = {isa = PBXFileReference; fileEncoding = 4; lastKnownFileType = file.xib; path = MainHeaderCollectionViewSecondCell.xib; sourceTree = "<group>"; };
		7EF98CAF68157B3C8EA0887DBF2FEC87 /* MainHeaderReusableView.swift */ = {isa = PBXFileReference; fileEncoding = 4; lastKnownFileType = sourcecode.swift; path = MainHeaderReusableView.swift; sourceTree = "<group>"; };
		5F83A6CE5429EE16FF0B5133394310B9 /* MainModel.swift */ = {isa = PBXFileReference; fileEncoding = 4; lastKnownFileType = sourcecode.swift; path = MainModel.swift; sourceTree = "<group>"; };
		6CCC707BBED789D71E6127975D5CC524 /* MainScene.swift */ = {isa = PBXFileReference; fileEncoding = 4; lastKnownFileType = sourcecode.swift; path = MainScene.swift; sourceTree = "<group>"; };
		FD1AF7925AB387262EC6B1D346BD4156 /* MainViewController.swift */ = {isa = PBXFileReference; fileEncoding = 4; lastKnownFileType = sourcecode.swift; path = MainViewController.swift; sourceTree = "<group>"; };
		9ED0A6CB57C5CDE19E03BAE0332159EC /* MainViewModel.swift */ = {isa = PBXFileReference; fileEncoding = 4; lastKnownFileType = sourcecode.swift; path = MainViewModel.swift; sourceTree = "<group>"; };
		486625662197A270EA59C72A4FBD45F1 /* MemoryStorage.swift */ = {isa = PBXFileReference; lastKnownFileType = sourcecode.swift; path = MemoryStorage.swift; sourceTree = "<group>"; };
		3F8BE3EB03A281B39827EE1978D8EB28 /* Mondey.xcdatamodel */ = {isa = PBXFileReference; lastKnownFileType = wrapper.xcdatamodel; path = Mondey.xcdatamodel; sourceTree = "<group>"; };
		CADD02E7652499D489E813575EEA19BE /* MondeyHelper.swift */ = {isa = PBXFileReference; fileEncoding = 4; lastKnownFileType = sourcecode.swift; path = MondeyHelper.swift; sourceTree = "<group>"; };
		8C2BC21625B8C929876517CC6FD097F0 /* Monthly.storyboard */ = {isa = PBXFileReference; fileEncoding = 4; lastKnownFileType = file.storyboard; path = Monthly.storyboard; sourceTree = "<group>"; };
		6B5446564638BF1A7EEDF131B2A36531 /* MonthlyDetailViewController.swift */ = {isa = PBXFileReference; fileEncoding = 4; lastKnownFileType = sourcecode.swift; path = MonthlyDetailViewController.swift; sourceTree = "<group>"; };
		30BDBA524DD43D4E6913C38F6120EBA6 /* MonthlyDetailViewModel.swift */ = {isa = PBXFileReference; fileEncoding = 4; lastKnownFileType = sourcecode.swift; path = MonthlyDetailViewModel.swift; sourceTree = "<group>"; };
		08E8DC1A459825C9EE4564BE1F508E11 /* MonthlyScene.swift */ = {isa = PBXFileReference; fileEncoding = 4; lastKnownFileType = sourcecode.swift; path = MonthlyScene.swift; sourceTree = "<group>"; };
		834757FE49312AA01EA232D9554F6C71 /* MonthlyViewController.swift */ = {isa = PBXFileReference; fileEncoding = 4; lastKnownFileType = sourcecode.swift; path = MonthlyViewController.swift; sourceTree = "<group>"; };
		22783BB2F8803ACD802AD66E18EEB8EA /* MonthlyViewModel.swift */ = {isa = PBXFileReference; fileEncoding = 4; lastKnownFileType = sourcecode.swift; path = MonthlyViewModel.swift; sourceTree = "<group>"; };
		DDF26EA2C8A016E85AA9551B161C77F7 /* NotiSettingViewModel.swift */ = {isa = PBXFileReference; fileEncoding = 4; lastKnownFileType = sourcecode.swift; path = NotiSettingViewModel.swift; sourceTree = "<group>"; };
		8195961B983041689C51594BF57BC8BF /* PeriodSettingCellViewModel.swift */ = {isa = PBXFileReference; lastKnownFileType = sourcecode.swift; name = PeriodSettingCellViewModel.swift; path = XX/initialize/ViewModel/CellViewModel/PeriodSettingCellViewModel.swift; sourceTree = SOURCE_ROOT; };
		EC173066ED5D3A3CDD4FBE5669249FB1 /* PeriodSettingViewModel.swift */ = {isa = PBXFileReference; fileEncoding = 4; lastKnownFileType = sourcecode.swift; path = PeriodSettingViewModel.swift; sourceTree = "<group>"; };
		DFF9206064745106525D2C633668E406 /* PeriodTableViewCell.swift */ = {isa = PBXFileReference; lastKnownFileType = sourcecode.swift; name = PeriodTableViewCell.swift; path = XX/initialize/View/TableViewCell/PeriodTableViewCell.swift; sourceTree = SOURCE_ROOT; };
		BFE1211BC23B04E9A2772DAA5D13ACFC /* PickYearViewController.swift */ = {isa = PBXFileReference; fileEncoding = 4; lastKnownFileType = sourcecode.swift; path = PickYearViewController.swift; sourceTree = "<group>"; };
		0414AE8FCCAD778E57EF5D9958854EF1 /* PickYearViewModel.swift */ = {isa = PBXFileReference; fileEncoding = 4; lastKnownFileType = sourcecode.swift; path = PickYearViewModel.swift; sourceTree = "<group>"; };
		8111B9F16409983644EC2227CCB0B909 /* Pods-XX.debug.xcconfig */ = {isa = PBXFileReference; includeInIndex = 1; lastKnownFileType = text.xcconfig; name = "Pods-XX.debug.xcconfig"; path = "Target Support Files/Pods-XX/Pods-XX.debug.xcconfig"; sourceTree = "<group>"; };
		D98E658C15E41927F106017B130EE3B3 /* Pods-XX.release.xcconfig */ = {isa = PBXFileReference; includeInIndex = 1; lastKnownFileType = text.xcconfig; name = "Pods-XX.release.xcconfig"; path = "Target Support Files/Pods-XX/Pods-XX.release.xcconfig"; sourceTree = "<group>"; };
		A51E23BF7FDD3AECA55D43968CBEB36C /* SceneCoodinator.swift */ = {isa = PBXFileReference; lastKnownFileType = sourcecode.swift; path = SceneCoodinator.swift; sourceTree = "<group>"; };
		3181263BA19227365FB8377CDDB482E0 /* SceneCoordinatorType.swift */ = {isa = PBXFileReference; lastKnownFileType = sourcecode.swift; path = SceneCoordinatorType.swift; sourceTree = "<group>"; };
		CD096E46260FC30E734B2AF8E9CF0643 /* SceneType.swift */ = {isa = PBXFileReference; lastKnownFileType = sourcecode.swift; path = SceneType.swift; sourceTree = "<group>"; };
		BD04846A532B0663F600B728A04FD072 /* SignInViewController.swift */ = {isa = PBXFileReference; lastKnownFileType = sourcecode.swift; path = SignInViewController.swift; sourceTree = "<group>"; };
		93AE0B91F54758072614DDB83C503BCA /* SignInViewModel.swift */ = {isa = PBXFileReference; lastKnownFileType = sourcecode.swift; path = SignInViewModel.swift; sourceTree = "<group>"; };
		46CB144E4D4219EF3A2E5CEA2A19FB82 /* SignUpSetting.storyboard */ = {isa = PBXFileReference; lastKnownFileType = file.storyboard; path = SignUpSetting.storyboard; sourceTree = "<group>"; };
		E9029853C6597E3EC596A9CFC9BB88BD /* SignUpSettingCellBindableType.swift */ = {isa = PBXFileReference; lastKnownFileType = sourcecode.swift; name = SignUpSettingCellBindableType.swift; path = XX/initialize/ViewModel/CellViewModel/SignUpSettingCellBindableType.swift; sourceTree = SOURCE_ROOT; };
		75EFF45EC02E88969D7561EA20A6DBFB /* SignUpSettingCellViewModel.swift */ = {isa = PBXFileReference; lastKnownFileType = sourcecode.swift; name = SignUpSettingCellViewModel.swift; path = XX/initialize/ViewModel/CellViewModel/SignUpSettingCellViewModel.swift; sourceTree = SOURCE_ROOT; };
		7E114D67CA2494271ABB11D76DCFB57F /* SignUpSettingCompletionViewModel.swift */ = {isa = PBXFileReference; fileEncoding = 4; lastKnownFileType = sourcecode.swift; path = SignUpSettingCompletionViewModel.swift; sourceTree = "<group>"; };
		42AC6A469340B4C875E1F540B149E4DE /* SignUpSettingScene.swift */ = {isa = PBXFileReference; fileEncoding = 4; lastKnownFileType = sourcecode.swift; path = SignUpSettingScene.swift; sourceTree = "<group>"; };
		ACE50B2B5BB12BE66EFBD9DA426DBAFC /* SignUpViewController.swift */ = {isa = PBXFileReference; lastKnownFileType = sourcecode.swift; path = SignUpViewController.swift; sourceTree = "<group>"; };
		DF604F507534A2C14532AD6A133C5515 /* SignUpViewModel.swift */ = {isa = PBXFileReference; lastKnownFileType = sourcecode.swift; path = SignUpViewModel.swift; sourceTree = "<group>"; };
		45070BC95B3A99E9381647C32E64A46D /* SpendDetailViewController.swift */ = {isa = PBXFileReference; fileEncoding = 4; lastKnownFileType = sourcecode.swift; path = SpendDetailViewController.swift; sourceTree = "<group>"; };
		336B4C704D5B00AA7C5BDDE2D6642C43 /* SpendDetailViewModel.swift */ = {isa = PBXFileReference; fileEncoding = 4; lastKnownFileType = sourcecode.swift; path = SpendDetailViewModel.swift; sourceTree = "<group>"; };
		98133003CF745D4DD6E25150801CD1CB /* Spoqa Han Sans Bold.ttf */ = {isa = PBXFileReference; lastKnownFileType = file; path = "Spoqa Han Sans Bold.ttf"; sourceTree = "<group>"; };
		259D3CB5282D0F9ED1777404313E690E /* Spoqa Han Sans Light.ttf */ = {isa = PBXFileReference; lastKnownFileType = file; path = "Spoqa Han Sans Light.ttf"; sourceTree = "<group>"; };
		DB053A44D9FE080E290D1D692073797F /* Spoqa Han Sans Regular.ttf */ = {isa = PBXFileReference; lastKnownFileType = file; path = "Spoqa Han Sans Regular.ttf"; sourceTree = "<group>"; };
		DBCA70C678ED74B2AC39E9DF945F177C /* Spoqa Han Sans Thin.ttf */ = {isa = PBXFileReference; lastKnownFileType = file; path = "Spoqa Han Sans Thin.ttf"; sourceTree = "<group>"; };
		CA70CD79EB1D095957D26A630106FD42 /* StorageType.swift */ = {isa = PBXFileReference; lastKnownFileType = sourcecode.swift; path = StorageType.swift; sourceTree = "<group>"; };
		79FFC9A5E81953AE7A6D696656DBCED2 /* TransitionModel.swift */ = {isa = PBXFileReference; lastKnownFileType = sourcecode.swift; path = TransitionModel.swift; sourceTree = "<group>"; };
		07413C204A4AC0073518805EB39FF0E5 /* UICollectionViewCell+.swift */ = {isa = PBXFileReference; lastKnownFileType = sourcecode.swift; path = "UICollectionViewCell+.swift"; sourceTree = "<group>"; };
		4107897DBF3CCAA4779B23E86E1387F9 /* UIImage+Extension.swift */ = {isa = PBXFileReference; lastKnownFileType = sourcecode.swift; path = "UIImage+Extension.swift"; sourceTree = "<group>"; };
		5F93A60BFC6C671C7FCE2023CF703B6C /* UIView+.swift */ = {isa = PBXFileReference; lastKnownFileType = sourcecode.swift; path = "UIView+.swift"; sourceTree = "<group>"; };
		A4917B1D22A8C3EF7B8339A254711E79 /* UIViewController+Extension.swift */ = {isa = PBXFileReference; lastKnownFileType = sourcecode.swift; path = "UIViewController+Extension.swift"; sourceTree = "<group>"; };
		EF97EEDD2D530F74F0747908526DA77A /* UserDefaultManager.swift */ = {isa = PBXFileReference; lastKnownFileType = sourcecode.swift; path = UserDefaultManager.swift; sourceTree = "<group>"; };
		C10C9814577D19BB15C1A0F78536882F /* ViewController.swift */ = {isa = PBXFileReference; lastKnownFileType = sourcecode.swift; path = ViewController.swift; sourceTree = "<group>"; };
		18C7B0C6AB31D4E58374A9E5B5D7487D /* ViewModelBindableType.swift */ = {isa = PBXFileReference; lastKnownFileType = sourcecode.swift; path = ViewModelBindableType.swift; sourceTree = "<group>"; };
		16E7DA482CA5A9A9C5EF137063A8DD4B /* XX-Bridging-Header.h */ = {isa = PBXFileReference; lastKnownFileType = sourcecode.c.h; path = "XX-Bridging-Header.h"; sourceTree = "<group>"; };
		6308B3F9D437690B09D2F3527DA9C697 /* XX.app */ = {isa = PBXFileReference; explicitFileType = wrapper.application; includeInIndex = 0; path = XX.app; sourceTree = BUILT_PRODUCTS_DIR; };
		923C070BA90956B673B7DBE6D2AC2EC4 /* libPods-XX.a */ = {isa = PBXFileReference; explicitFileType = archive.ar; includeInIndex = 0; path = "libPods-XX.a"; sourceTree = BUILT_PRODUCTS_DIR; };
/* End PBXFileReference section */

/* Begin PBXFrameworksBuildPhase section */
		F0A4E77EA9C73F257FCFF45FC1D1469B /* Frameworks */ = {
			isa = PBXFrameworksBuildPhase;
			buildActionMask = 2147483647;
			files = (
				5C5BDABA70FE84E6E7335DF7B3F143FF /* libPods-XX.a in Frameworks */,
			);
			runOnlyForDeploymentPostprocessing = 0;
		};
/* End PBXFrameworksBuildPhase section */

/* Begin PBXGroup section */
		11E48096121EB3429DE4C97CAD4D011F /* Scene */ = {
			isa = PBXGroup;
			children = (
				08E8DC1A459825C9EE4564BE1F508E11 /* MonthlyScene.swift */,
			);
			path = Scene;
			sourceTree = "<group>";
		};
		13C9EFCDA04FEDAE5F61E03894714003 /* ViewModel */ = {
			isa = PBXGroup;
			children = (
				C5F4D5FAB42BD80685D9B0A3E9095F4C /* CellViewModel */,
				484A87D2ED5D908FC992517FEBA762C9 /* BudgetSettingViewModel.swift */,
				B9E5DDBA6A738E5C268A6913A43F300B /* CategoriesSettingViewModel.swift */,
				7D00AB9B82604B3B1782A54E6C622B9D /* IncomeSettingViewModel.swift */,
				DDF26EA2C8A016E85AA9551B161C77F7 /* NotiSettingViewModel.swift */,
				EC173066ED5D3A3CDD4FBE5669249FB1 /* PeriodSettingViewModel.swift */,
				7E114D67CA2494271ABB11D76DCFB57F /* SignUpSettingCompletionViewModel.swift */,
			);
			path = ViewModel;
			sourceTree = "<group>";
		};
		1A827C8B9738CAFBF2DD68F71C975010 /* Scene */ = {
			isa = PBXGroup;
			children = (
				42AC6A469340B4C875E1F540B149E4DE /* SignUpSettingScene.swift */,
			);
			path = Scene;
			sourceTree = "<group>";
		};
		2AC52DAFBA60027A5D8D53D63F5EC7C8 /* ViewModel */ = {
			isa = PBXGroup;
			children = (
				738E556539AE191441DBEAFE2A2CB043 /* AddSpendViewModel.swift */,
				9ED0A6CB57C5CDE19E03BAE0332159EC /* MainViewModel.swift */,
				336B4C704D5B00AA7C5BDDE2D6642C43 /* SpendDetailViewModel.swift */,
			);
			path = ViewModel;
			sourceTree = "<group>";
		};
		34D10EDB22341A504BB31C02C260E71C /* ViewController */ = {
			isa = PBXGroup;
			children = (
				724B803EB5344423671AC87D330DD197 /* BaseNavigationController.swift */,
				1E429FD2698733BFF65BBCB3D7E1B161 /* BaseViewController.swift */,
			);
			path = ViewController;
			sourceTree = "<group>";
		};
		3CFCB3581982F0E865131974D7050211 /* Common */ = {
			isa = PBXGroup;
			children = (
				34D10EDB22341A504BB31C02C260E71C /* ViewController */,
				4EFAA1FF009213626187ADA02714AE09 /* ViewModel */,
			);
			path = Common;
			sourceTree = "<group>";
		};
		482DB787916B18C1ACFA1D49EECEB5D8 /* Scene */ = {
			isa = PBXGroup;
			children = (
				60687211048EC6F549D031B5927CDF82 /* LoginScene.swift */,
			);
			path = Scene;
			sourceTree = "<group>";
		};
		4EFAA1FF009213626187ADA02714AE09 /* ViewModel */ = {
			isa = PBXGroup;
			children = (
				A4895444E6480A8CDFD3913D59A3CAED /* BaseViewModel.swift */,
				18C7B0C6AB31D4E58374A9E5B5D7487D /* ViewModelBindableType.swift */,
			);
			path = ViewModel;
			sourceTree = "<group>";
		};
		510F517B782A5E693D55E11BE1C6D18E /* Model */ = {
			isa = PBXGroup;
			children = (
				6B06779D33F3A91331AB10E1E71DF19C /* Category.swift */,
			);
			path = Model;
			sourceTree = "<group>";
		};
		5578C54DC93F80D3E52C5EAE02B0A117 /* TableViewCell */ = {
			isa = PBXGroup;
			children = (
				2508380CF5CD7E6E356C6DEC13267381 /* BudgetTableViewCell.swift */,
				02CF0EFA887F01237D45193D24A1034C /* CategoryTableViewCell.swift */,
				DFF9206064745106525D2C633668E406 /* PeriodTableViewCell.swift */,
			);
			path = TableViewCell;
			sourceTree = "<group>";
		};
		5C3C1883F8D8F1CC65DBF6184EAA3FE0 /* Frameworks */ = {
			isa = PBXGroup;
			children = (
				923C070BA90956B673B7DBE6D2AC2EC4 /* libPods-XX.a */,
			);
			name = Frameworks;
			sourceTree = "<group>";
		};
		5F8E61A9C5FA70CFA449B04E4732D262 /* Products */ = {
			isa = PBXGroup;
			children = (
				6308B3F9D437690B09D2F3527DA9C697 /* XX.app */,
			);
			name = Products;
			sourceTree = "<group>";
		};
		6450D0AFB126E69B3DCFDA2DF27713CF /* View */ = {
			isa = PBXGroup;
			children = (
				5578C54DC93F80D3E52C5EAE02B0A117 /* TableViewCell */,
			);
			path = View;
			sourceTree = "<group>";
		};
		6C55738022DC6CDB707B44E50F2827FB /* Model */ = {
			isa = PBXGroup;
			children = (
				5F83A6CE5429EE16FF0B5133394310B9 /* MainModel.swift */,
			);
			path = Model;
			sourceTree = "<group>";
		};
		769D1F8BC37B115CED4383BA1F1F0E0E /* MemoryStorage */ = {
			isa = PBXGroup;
			children = (
				486625662197A270EA59C72A4FBD45F1 /* MemoryStorage.swift */,
			);
			path = MemoryStorage;
			sourceTree = "<group>";
		};
		795D55ECFCA953C29ABCD56E23352323 /* Login */ = {
			isa = PBXGroup;
			children = (
				EA8247D998987E058F7E18DF8442E580 /* Model */,
				482DB787916B18C1ACFA1D49EECEB5D8 /* Scene */,
				A0DF0A0BA9487594B9436126C92888C6 /* ViewController */,
				94603F961407AE811CBE2DB250FCDAED /* ViewModel */,
				2C10A12E4539A07076F20C7F6372D2BA /* Login.storyboard */,
			);
			path = Login;
			sourceTree = "<group>";
		};
		81DA73917FFF1113B15C5FAD53E9F2B8 /* Pods */ = {
			isa = PBXGroup;
			children = (
				8111B9F16409983644EC2227CCB0B909 /* Pods-XX.debug.xcconfig */,
				D98E658C15E41927F106017B130EE3B3 /* Pods-XX.release.xcconfig */,
			);
			path = Pods;
			sourceTree = "<group>";
		};
		85A8F122DBB3047CA195480AC48F49E2 /* UserDefaultStorage */ = {
			isa = PBXGroup;
			children = (
				EF97EEDD2D530F74F0747908526DA77A /* UserDefaultManager.swift */,
			);
			path = UserDefaultStorage;
			sourceTree = "<group>";
		};
		890D7333D9BC88BFA90D07A4B5F3D485 /* CoreDataStorage */ = {
			isa = PBXGroup;
			children = (
				6A936F4821BD2FC82AAA38CB1DC2CC92 /* Mondey.xcdatamodeld */,
			);
			path = CoreDataStorage;
			sourceTree = "<group>";
		};
		894F1AC5585E553BC9C39132308CC85E /* ViewModel */ = {
			isa = PBXGroup;
			children = (
				30BDBA524DD43D4E6913C38F6120EBA6 /* MonthlyDetailViewModel.swift */,
				22783BB2F8803ACD802AD66E18EEB8EA /* MonthlyViewModel.swift */,
				0414AE8FCCAD778E57EF5D9958854EF1 /* PickYearViewModel.swift */,
			);
			path = ViewModel;
			sourceTree = "<group>";
		};
		9250C5DD6FB6DA18744C170550989528 /* SceneCoodinator */ = {
			isa = PBXGroup;
			children = (
				A51E23BF7FDD3AECA55D43968CBEB36C /* SceneCoodinator.swift */,
				3181263BA19227365FB8377CDDB482E0 /* SceneCoordinatorType.swift */,
				CD096E46260FC30E734B2AF8E9CF0643 /* SceneType.swift */,
				79FFC9A5E81953AE7A6D696656DBCED2 /* TransitionModel.swift */,
			);
			path = SceneCoodinator;
			sourceTree = "<group>";
		};
		94603F961407AE811CBE2DB250FCDAED /* ViewModel */ = {
			isa = PBXGroup;
			children = (
				93AE0B91F54758072614DDB83C503BCA /* SignInViewModel.swift */,
				DF604F507534A2C14532AD6A133C5515 /* SignUpViewModel.swift */,
			);
			path = ViewModel;
			sourceTree = "<group>";
		};
		971A526AEBA13F89F4CB75DCE2D402BB /* initialize */ = {
			isa = PBXGroup;
			children = (
				1A827C8B9738CAFBF2DD68F71C975010 /* Scene */,
				6450D0AFB126E69B3DCFDA2DF27713CF /* View */,
				13C9EFCDA04FEDAE5F61E03894714003 /* ViewModel */,
				46CB144E4D4219EF3A2E5CEA2A19FB82 /* SignUpSetting.storyboard */,
			);
			path = initialize;
			sourceTree = "<group>";
		};
		A0DF0A0BA9487594B9436126C92888C6 /* ViewController */ = {
			isa = PBXGroup;
			children = (
				BD04846A532B0663F600B728A04FD072 /* SignInViewController.swift */,
				ACE50B2B5BB12BE66EFBD9DA426DBAFC /* SignUpViewController.swift */,
			);
			path = ViewController;
			sourceTree = "<group>";
		};
		A26EE190954C8C3D043A04B9E4F92133 = {
			isa = PBXGroup;
			children = (
				5C3C1883F8D8F1CC65DBF6184EAA3FE0 /* Frameworks */,
				81DA73917FFF1113B15C5FAD53E9F2B8 /* Pods */,
				5F8E61A9C5FA70CFA449B04E4732D262 /* Products */,
				D47A22E91452765DDFD3690BE996AB31 /* XX */,
			);
			sourceTree = "<group>";
		};
		A665335012634F5A88C925D8872AB70F /* ViewController */ = {
			isa = PBXGroup;
			children = (
				6B5446564638BF1A7EEDF131B2A36531 /* MonthlyDetailViewController.swift */,
				834757FE49312AA01EA232D9554F6C71 /* MonthlyViewController.swift */,
				BFE1211BC23B04E9A2772DAA5D13ACFC /* PickYearViewController.swift */,
			);
			path = ViewController;
			sourceTree = "<group>";
		};
		A7EAEDC405EC73284C533D9158CB800C /* Main */ = {
			isa = PBXGroup;
			children = (
				6C55738022DC6CDB707B44E50F2827FB /* Model */,
				F73CEF8467E8E1FA526E2B92FC0FBFB9 /* Scene */,
				C9B54EA62DBB6675C6136B38606E82F0 /* ViewController */,
				2AC52DAFBA60027A5D8D53D63F5EC7C8 /* ViewModel */,
				AF99EAF8D88AF592A9B17401D5C8884F /* Main.storyboard */,
			);
			path = Main;
			sourceTree = "<group>";
		};
		B653F6150F03282958BB7D5AF8AA6ABF /* Cell */ = {
			isa = PBXGroup;
			children = (
				4F78F2910C824934B559CB546F0E3507 /* MainCollectionViewCell.swift */,
				76F43A84FCA52074028BD2E73B71C9FD /* MainHeaderCollectionViewCell.swift */,
				EB553AA1A2778827756C28818B9BF0F8 /* MainHeaderCollectionViewFirstCell.xib */,
				C176A325C1DD0AFD51E141899A540661 /* MainHeaderCollectionViewSecondCell.xib */,
			);
			path = Cell;
			sourceTree = "<group>";
		};
		BDA6D54C736E79389F4643A327FF29D7 /* Utility */ = {
			isa = PBXGroup;
			children = (
				CADD02E7652499D489E813575EEA19BE /* MondeyHelper.swift */,
			);
			path = Utility;
			sourceTree = "<group>";
		};
		C5F4D5FAB42BD80685D9B0A3E9095F4C /* CellViewModel */ = {
			isa = PBXGroup;
			children = (
				FDE88213D0AF19A29FE1500DD206DEA6 /* BudgetSettingCellViewModel.swift */,
				880B519144692C8D3AEA24ED7878F28D /* CategorySettingCellViewModel.swift */,
				8195961B983041689C51594BF57BC8BF /* PeriodSettingCellViewModel.swift */,
				E9029853C6597E3EC596A9CFC9BB88BD /* SignUpSettingCellBindableType.swift */,
				75EFF45EC02E88969D7561EA20A6DBFB /* SignUpSettingCellViewModel.swift */,
			);
			path = CellViewModel;
			sourceTree = "<group>";
		};
		C9B54EA62DBB6675C6136B38606E82F0 /* ViewController */ = {
			isa = PBXGroup;
			children = (
				B653F6150F03282958BB7D5AF8AA6ABF /* Cell */,
				D07CE2E344D01FE39E699B81BA0F9219 /* AddSpendViewController.swift */,
				7EF98CAF68157B3C8EA0887DBF2FEC87 /* MainHeaderReusableView.swift */,
				FD1AF7925AB387262EC6B1D346BD4156 /* MainViewController.swift */,
				45070BC95B3A99E9381647C32E64A46D /* SpendDetailViewController.swift */,
			);
			path = ViewController;
			sourceTree = "<group>";
		};
		D47A22E91452765DDFD3690BE996AB31 /* XX */ = {
			isa = PBXGroup;
			children = (
				3CFCB3581982F0E865131974D7050211 /* Common */,
				FE3A1AA3F3E451BF00683492AE2A77E3 /* Extension */,
				795D55ECFCA953C29ABCD56E23352323 /* Login */,
				A7EAEDC405EC73284C533D9158CB800C /* Main */,
				510F517B782A5E693D55E11BE1C6D18E /* Model */,
				D7F2603D5081E26454679D2D4320E545 /* Monthly */,
				DA02CE6C8F4B3B16AE385DD829A6FD39 /* Resource */,
				9250C5DD6FB6DA18744C170550989528 /* SceneCoodinator */,
				DE0B0F7D336723654D671A55B0E7B156 /* Service */,
				BDA6D54C736E79389F4643A327FF29D7 /* Utility */,
				971A526AEBA13F89F4CB75DCE2D402BB /* initialize */,
				B4BC5246FCB604F6A3BB58BA5B780127 /* AppDelegate.swift */,
				1804DD43026500CA6D81A05C9BDDF4CD /* Assets.xcassets */,
				B77587401D77975FA2FD7C1F98CC1FD8 /* Info.plist */,
				1D701E25B9E0F2B7A4655B8CA13A21DB /* LaunchScreen.storyboard */,
				C10C9814577D19BB15C1A0F78536882F /* ViewController.swift */,
				16E7DA482CA5A9A9C5EF137063A8DD4B /* XX-Bridging-Header.h */,
			);
			path = XX;
			sourceTree = "<group>";
		};
		D7F2603D5081E26454679D2D4320E545 /* Monthly */ = {
			isa = PBXGroup;
			children = (
				11E48096121EB3429DE4C97CAD4D011F /* Scene */,
				A665335012634F5A88C925D8872AB70F /* ViewController */,
				894F1AC5585E553BC9C39132308CC85E /* ViewModel */,
				8C2BC21625B8C929876517CC6FD097F0 /* Monthly.storyboard */,
			);
			path = Monthly;
			sourceTree = "<group>";
		};
		DA02CE6C8F4B3B16AE385DD829A6FD39 /* Resource */ = {
			isa = PBXGroup;
			children = (
				98133003CF745D4DD6E25150801CD1CB /* Spoqa Han Sans Bold.ttf */,
				259D3CB5282D0F9ED1777404313E690E /* Spoqa Han Sans Light.ttf */,
				DB053A44D9FE080E290D1D692073797F /* Spoqa Han Sans Regular.ttf */,
				DBCA70C678ED74B2AC39E9DF945F177C /* Spoqa Han Sans Thin.ttf */,
			);
			path = Resource;
			sourceTree = "<group>";
		};
		DE0B0F7D336723654D671A55B0E7B156 /* Service */ = {
			isa = PBXGroup;
			children = (
				890D7333D9BC88BFA90D07A4B5F3D485 /* CoreDataStorage */,
				769D1F8BC37B115CED4383BA1F1F0E0E /* MemoryStorage */,
				85A8F122DBB3047CA195480AC48F49E2 /* UserDefaultStorage */,
				CA70CD79EB1D095957D26A630106FD42 /* StorageType.swift */,
			);
			path = Service;
			sourceTree = "<group>";
		};
		EA8247D998987E058F7E18DF8442E580 /* Model */ = {
			isa = PBXGroup;
			children = (
			);
			path = Model;
			sourceTree = "<group>";
		};
		F73CEF8467E8E1FA526E2B92FC0FBFB9 /* Scene */ = {
			isa = PBXGroup;
			children = (
				6CCC707BBED789D71E6127975D5CC524 /* MainScene.swift */,
			);
			path = Scene;
			sourceTree = "<group>";
		};
		FE3A1AA3F3E451BF00683492AE2A77E3 /* Extension */ = {
			isa = PBXGroup;
			children = (
				07413C204A4AC0073518805EB39FF0E5 /* UICollectionViewCell+.swift */,
				4107897DBF3CCAA4779B23E86E1387F9 /* UIImage+Extension.swift */,
				5F93A60BFC6C671C7FCE2023CF703B6C /* UIView+.swift */,
				A4917B1D22A8C3EF7B8339A254711E79 /* UIViewController+Extension.swift */,
			);
			path = Extension;
			sourceTree = "<group>";
		};
/* End PBXGroup section */

/* Begin PBXNativeTarget section */
		07F622AF5D5FF749246C34442CBD84E8 /* XX */ = {
			isa = PBXNativeTarget;
			buildConfigurationList = 440D28CF52A1BAF60963BE56A650A98A /* Build configuration list for PBXNativeTarget "XX" */;
			buildPhases = (
				A57355D8FC1DCC785C33CAA1EC67DE3B /* [CP] Check Pods Manifest.lock */,
				AB9FC48A240E6824A7ECE3D127A77F8D /* Sources */,
				F0A4E77EA9C73F257FCFF45FC1D1469B /* Frameworks */,
				0E7B343F0232F143B81A254A789943C7 /* Resources */,
			);
			buildRules = (
			);
			dependencies = (
			);
			name = XX;
			productName = XX;
			productReference = 6308B3F9D437690B09D2F3527DA9C697 /* XX.app */;
			productType = "com.apple.product-type.application";
		};
/* End PBXNativeTarget section */

/* Begin PBXProject section */
		8943F008160C603D30F8996B9D24F07A /* Project object */ = {
			isa = PBXProject;
			attributes = {
				LastSwiftUpdateCheck = 1030;
				LastUpgradeCheck = 1030;
				ORGANIZATIONNAME = YAPP;
				TargetAttributes = {
					07F622AF5D5FF749246C34442CBD84E8 = {
						CreatedOnToolsVersion = 10.3;
						LastSwiftMigration = 1030;
					};
				};
			};
			buildConfigurationList = D496A722954185720D633B3BD2A62335 /* Build configuration list for PBXProject "XX" */;
			compatibilityVersion = "Xcode 9.3";
			developmentRegion = en;
			hasScannedForEncodings = 0;
			knownRegions = (
				en,
				Base,
			);
			mainGroup = A26EE190954C8C3D043A04B9E4F92133;
			productRefGroup = 5F8E61A9C5FA70CFA449B04E4732D262 /* Products */;
			projectDirPath = "";
			projectRoot = "";
			targets = (
				07F622AF5D5FF749246C34442CBD84E8 /* XX */,
			);
		};
/* End PBXProject section */

/* Begin PBXResourcesBuildPhase section */
		0E7B343F0232F143B81A254A789943C7 /* Resources */ = {
			isa = PBXResourcesBuildPhase;
			buildActionMask = 2147483647;
			files = (
				9670A0EC99584EE7051E25061AD9BF0A /* Assets.xcassets in Resources */,
				223ED72A730C213DD645FA2B9F5A799D /* LaunchScreen.storyboard in Resources */,
				4B1FE16BC0F0A1D5D6C14025674E8081 /* Login.storyboard in Resources */,
				02EBDD96D4B6C9D9DB4621BE55CE2A89 /* Main.storyboard in Resources */,
				39AAD7B44516456C0BA824FF063DCBB9 /* MainHeaderCollectionViewFirstCell.xib in Resources */,
				4A696BF18ACDBF8AE4DAD2098A675435 /* MainHeaderCollectionViewSecondCell.xib in Resources */,
				B5030133F678E996B7B741B7C3F4E64B /* Monthly.storyboard in Resources */,
				38A41A0484EB2647B6A23300BEBA350A /* SignUpSetting.storyboard in Resources */,
				66CE51BA39C5A538EB55ACD9224BE78D /* Spoqa Han Sans Bold.ttf in Resources */,
				F0F3579A37A9B89B117625F19EB05CAE /* Spoqa Han Sans Light.ttf in Resources */,
				78C1F3DCCCC8E3530B3755B88C421452 /* Spoqa Han Sans Regular.ttf in Resources */,
				8672DA95A88FA897309DC4CFF5598E05 /* Spoqa Han Sans Thin.ttf in Resources */,
			);
			runOnlyForDeploymentPostprocessing = 0;
		};
/* End PBXResourcesBuildPhase section */

/* Begin PBXShellScriptBuildPhase section */
		A57355D8FC1DCC785C33CAA1EC67DE3B /* [CP] Check Pods Manifest.lock */ = {
			isa = PBXShellScriptBuildPhase;
			buildActionMask = 2147483647;
			files = (
			);
			inputFileListPaths = (
			);
			inputPaths = (
				"${PODS_PODFILE_DIR_PATH}/Podfile.lock",
				"${PODS_ROOT}/Manifest.lock",
			);
			name = "[CP] Check Pods Manifest.lock";
			outputFileListPaths = (
			);
			outputPaths = (
				"$(DERIVED_FILE_DIR)/Pods-XX-checkManifestLockResult.txt",
			);
			runOnlyForDeploymentPostprocessing = 0;
			shellPath = /bin/sh;
			shellScript = "diff \"${PODS_PODFILE_DIR_PATH}/Podfile.lock\" \"${PODS_ROOT}/Manifest.lock\" > /dev/null\nif [ $? != 0 ] ; then\n    # print error to STDERR\n    echo \"error: The sandbox is not in sync with the Podfile.lock. Run 'pod install' or update your CocoaPods installation.\" >&2\n    exit 1\nfi\n# This output is used by Xcode 'outputs' to avoid re-running this script phase.\necho \"SUCCESS\" > \"${SCRIPT_OUTPUT_FILE_0}\"\n";
			showEnvVarsInLog = 0;
		};
/* End PBXShellScriptBuildPhase section */

/* Begin PBXSourcesBuildPhase section */
		AB9FC48A240E6824A7ECE3D127A77F8D /* Sources */ = {
			isa = PBXSourcesBuildPhase;
			buildActionMask = 2147483647;
			files = (
				C75768B3A00CFA926BB0C5D2A6EFBE80 /* AddSpendViewController.swift in Sources */,
				1BF9D63D7E1576D2C83D13559FAE1077 /* AddSpendViewModel.swift in Sources */,
				AE7B818C46677813242EABBA413566FF /* AppDelegate.swift in Sources */,
				4C29CC812411E4D951452C31DCCD2D72 /* BaseNavigationController.swift in Sources */,
				FD8F6B81BF3EDE0D7AB6D6D8124DC57F /* BaseViewController.swift in Sources */,
				2D06B93D1FE35A15D8818E62E44714D9 /* BaseViewModel.swift in Sources */,
				4B2C9C91E75C2568D265433E93B9A0BF /* BudgetSettingCellViewModel.swift in Sources */,
				F3938F911F21B41938274A1CCA1570E1 /* BudgetSettingViewModel.swift in Sources */,
				4A9D2BC5C8895271E7CF2E25D7AE28DF /* BudgetTableViewCell.swift in Sources */,
				603003EC7E38AEB84B84D392D4137F42 /* CategoriesSettingViewModel.swift in Sources */,
				BE30794A07C69501C35002C7B4A12C56 /* Category.swift in Sources */,
				7B3891592424EF60C327AD01CF9F9C87 /* CategorySettingCellViewModel.swift in Sources */,
				096784B8E066D019896FF0FA39CD7A5A /* CategoryTableViewCell.swift in Sources */,
				E8E2BD1636B1E003174FE1EB46AA74F9 /* IncomeSettingViewModel.swift in Sources */,
				66B5D9CA9BE38D7BE26ED69861DB8828 /* LoginScene.swift in Sources */,
				F20A424D6799FDDD61690CB65C807B7B /* MainCollectionViewCell.swift in Sources */,
				8DC1AA648D9F842C8D738640645B8F7C /* MainHeaderCollectionViewCell.swift in Sources */,
				FB5AF5B3993320678C5F151E0DF0EAF7 /* MainHeaderReusableView.swift in Sources */,
				912A9F5291C8C1625CB77444565F6994 /* MainModel.swift in Sources */,
				72FA4BC141F9E7B9F893D099B53CC9E3 /* MainScene.swift in Sources */,
				38FEA117096F1D46D90AA026D93A3B6F /* MainViewController.swift in Sources */,
				24F783C1E079C010D720EFE1A143DAD1 /* MainViewModel.swift in Sources */,
				07BBB144363AB6A20CD8852FA06CF9E6 /* MemoryStorage.swift in Sources */,
				63F69DE98213B3B318E76B0047A88115 /* Mondey.xcdatamodeld in Sources */,
				C08BF90539FF4313AB4E19F32CFC1565 /* MondeyHelper.swift in Sources */,
				6C9CC6853D75E2B86B5B4AC99EAEE245 /* MonthlyDetailViewController.swift in Sources */,
				44C8B961892C093C26E5DCF347283052 /* MonthlyDetailViewModel.swift in Sources */,
				58E638DC9C7CE5971118BB3E19A43D49 /* MonthlyScene.swift in Sources */,
				0A993601A00CE3944A609815403A5469 /* MonthlyViewController.swift in Sources */,
				712706B430FD25B3DA1FCDED455B885E /* MonthlyViewModel.swift in Sources */,
				E874BBE86D5AF1B4E773EFDB445C4A0E /* NotiSettingViewModel.swift in Sources */,
				69C6FFD4259B6042514ED81A749A5620 /* PeriodSettingCellViewModel.swift in Sources */,
				1A358A6839EBB6819BEAD234E1C4DC65 /* PeriodSettingViewModel.swift in Sources */,
				5F3C0A6B8531A015008E4347696FD82F /* PeriodTableViewCell.swift in Sources */,
				F7EF9320E055D3267D1F15D35589FB17 /* PickYearViewController.swift in Sources */,
				6627483763586FE1F6DE6D8B478AB3BB /* PickYearViewModel.swift in Sources */,
				38F6746B5DA8080758A3441EC5B09630 /* SceneCoodinator.swift in Sources */,
				92B44D897CC121E71478E3D924BBB9AE /* SceneCoordinatorType.swift in Sources */,
				FA30A9E53799F716A3121C7AF8609155 /* SceneType.swift in Sources */,
				2706778CB2B9D55C64BA9AD07190296A /* SignInViewController.swift in Sources */,
				C93FA50F0134001F268B1D39234FECA9 /* SignInViewModel.swift in Sources */,
				61C7BB6B4CD1078B91F132764B98DA05 /* SignUpSettingCellBindableType.swift in Sources */,
				F633821295C4478FDE5459DFCE7D2CAD /* SignUpSettingCellViewModel.swift in Sources */,
				83DF0EBDEE8508B4AD9B576FF6915503 /* SignUpSettingCompletionViewModel.swift in Sources */,
				68510576E9A92B8D49082F08DEF48DB6 /* SignUpSettingScene.swift in Sources */,
				1CDFFC3C20BDE3DD0D37358AFD59D33B /* SignUpViewController.swift in Sources */,
				8E88399312D9B7EF91074C69BCAFCA89 /* SignUpViewModel.swift in Sources */,
				B6EF7E75226D48508657748DF4F6A860 /* SpendDetailViewController.swift in Sources */,
				882E8FDD4BE98301AC748C10685190F7 /* SpendDetailViewModel.swift in Sources */,
				40B6DA6ACC77A19D399E3CF1B4BFDBA9 /* StorageType.swift in Sources */,
				E77FA397D6E6A42BEFAAEF066305FFE8 /* TransitionModel.swift in Sources */,
				63E7A38BE78A631B753034892FE50956 /* UICollectionViewCell+.swift in Sources */,
				64D306CF1D59A9D3D974A84BB3EA03AB /* UIImage+Extension.swift in Sources */,
				F7CD5236AB51D27B3623EC54A8C18E9E /* UIView+.swift in Sources */,
				83DCCA8964F62E09E2047E4E21D5866B /* UIViewController+Extension.swift in Sources */,
				9DC4EF5B43958B23EFA503EFC33CE93B /* UserDefaultManager.swift in Sources */,
				7DEBED294A651EEA06933A9EAE5A8F74 /* ViewController.swift in Sources */,
				3B0BF5672BD1DC92262333A57827824F /* ViewModelBindableType.swift in Sources */,
			);
			runOnlyForDeploymentPostprocessing = 0;
		};
/* End PBXSourcesBuildPhase section */

/* Begin PBXVariantGroup section */
		1D701E25B9E0F2B7A4655B8CA13A21DB /* LaunchScreen.storyboard */ = {
			isa = PBXVariantGroup;
			children = (
				3198ED65323477E8CEBDAFE8473202C5 /* Base */,
			);
			name = LaunchScreen.storyboard;
			sourceTree = "<group>";
		};
		AF99EAF8D88AF592A9B17401D5C8884F /* Main.storyboard */ = {
			isa = PBXVariantGroup;
			children = (
				763EF3FC074C51F63386054AE5094185 /* Base */,
			);
			name = Main.storyboard;
			sourceTree = "<group>";
		};
/* End PBXVariantGroup section */

/* Begin XCBuildConfiguration section */
		46D1817B8A1A520F651124C06B9810B6 /* Debug */ = {
			isa = XCBuildConfiguration;
			baseConfigurationReference = 8111B9F16409983644EC2227CCB0B909 /* Pods-XX.debug.xcconfig */;
			buildSettings = {
				ASSETCATALOG_COMPILER_APPICON_NAME = AppIcon;
				CLANG_ENABLE_MODULES = YES;
				CODE_SIGN_IDENTITY = "iPhone Developer";
				CODE_SIGN_STYLE = Automatic;
				DEVELOPMENT_TEAM = 79JAW5V2W8;
				INFOPLIST_FILE = XX/Info.plist;
				LD_RUNPATH_SEARCH_PATHS = (
					"$(inherited)",
					"@executable_path/Frameworks",
				);
				PRODUCT_BUNDLE_IDENTIFIER = com.yapp.XX;
				PRODUCT_NAME = "$(TARGET_NAME)";
				PROVISIONING_PROFILE_SPECIFIER = "";
				SWIFT_OBJC_BRIDGING_HEADER = "XX/XX-Bridging-Header.h";
				SWIFT_OPTIMIZATION_LEVEL = "-Onone";
				SWIFT_VERSION = 5.0;
				TARGETED_DEVICE_FAMILY = 1;
			};
			name = Debug;
		};
		6B3E83995DB6F7D3A2352722CBE24A21 /* Debug */ = {
			isa = XCBuildConfiguration;
			buildSettings = {
				ALWAYS_SEARCH_USER_PATHS = NO;
				CLANG_ANALYZER_NONNULL = YES;
				CLANG_ANALYZER_NUMBER_OBJECT_CONVERSION = YES_AGGRESSIVE;
				CLANG_CXX_LANGUAGE_STANDARD = "gnu++14";
				CLANG_CXX_LIBRARY = "libc++";
				CLANG_ENABLE_MODULES = YES;
				CLANG_ENABLE_OBJC_ARC = YES;
				CLANG_ENABLE_OBJC_WEAK = YES;
				CLANG_WARN_BLOCK_CAPTURE_AUTORELEASING = YES;
				CLANG_WARN_BOOL_CONVERSION = YES;
				CLANG_WARN_COMMA = YES;
				CLANG_WARN_CONSTANT_CONVERSION = YES;
				CLANG_WARN_DEPRECATED_OBJC_IMPLEMENTATIONS = YES;
				CLANG_WARN_DIRECT_OBJC_ISA_USAGE = YES_ERROR;
				CLANG_WARN_DOCUMENTATION_COMMENTS = YES;
				CLANG_WARN_EMPTY_BODY = YES;
				CLANG_WARN_ENUM_CONVERSION = YES;
				CLANG_WARN_INFINITE_RECURSION = YES;
				CLANG_WARN_INT_CONVERSION = YES;
				CLANG_WARN_NON_LITERAL_NULL_CONVERSION = YES;
				CLANG_WARN_OBJC_IMPLICIT_RETAIN_SELF = YES;
				CLANG_WARN_OBJC_LITERAL_CONVERSION = YES;
				CLANG_WARN_OBJC_ROOT_CLASS = YES_ERROR;
				CLANG_WARN_RANGE_LOOP_ANALYSIS = YES;
				CLANG_WARN_STRICT_PROTOTYPES = YES;
				CLANG_WARN_SUSPICIOUS_MOVE = YES;
				CLANG_WARN_UNGUARDED_AVAILABILITY = YES_AGGRESSIVE;
				CLANG_WARN_UNREACHABLE_CODE = YES;
				CLANG_WARN__DUPLICATE_METHOD_MATCH = YES;
				CODE_SIGN_IDENTITY = "iPhone Developer";
				COPY_PHASE_STRIP = NO;
				DEBUG_INFORMATION_FORMAT = dwarf;
				ENABLE_STRICT_OBJC_MSGSEND = YES;
				ENABLE_TESTABILITY = YES;
				GCC_C_LANGUAGE_STANDARD = gnu11;
				GCC_DYNAMIC_NO_PIC = NO;
				GCC_NO_COMMON_BLOCKS = YES;
				GCC_OPTIMIZATION_LEVEL = 0;
				GCC_PREPROCESSOR_DEFINITIONS = (
					"DEBUG=1",
					"$(inherited)",
				);
				GCC_WARN_64_TO_32_BIT_CONVERSION = YES;
				GCC_WARN_ABOUT_RETURN_TYPE = YES_ERROR;
				GCC_WARN_UNDECLARED_SELECTOR = YES;
				GCC_WARN_UNINITIALIZED_AUTOS = YES_AGGRESSIVE;
				GCC_WARN_UNUSED_FUNCTION = YES;
				GCC_WARN_UNUSED_VARIABLE = YES;
				IPHONEOS_DEPLOYMENT_TARGET = 12.4;
				MTL_ENABLE_DEBUG_INFO = INCLUDE_SOURCE;
				MTL_FAST_MATH = YES;
				ONLY_ACTIVE_ARCH = YES;
				SDKROOT = iphoneos;
				SWIFT_ACTIVE_COMPILATION_CONDITIONS = DEBUG;
				SWIFT_OPTIMIZATION_LEVEL = "-Onone";
			};
			name = Debug;
		};
		D6A52F38B9F9D8181348F70ABCABAF83 /* Release */ = {
			isa = XCBuildConfiguration;
			buildSettings = {
				ALWAYS_SEARCH_USER_PATHS = NO;
				CLANG_ANALYZER_NONNULL = YES;
				CLANG_ANALYZER_NUMBER_OBJECT_CONVERSION = YES_AGGRESSIVE;
				CLANG_CXX_LANGUAGE_STANDARD = "gnu++14";
				CLANG_CXX_LIBRARY = "libc++";
				CLANG_ENABLE_MODULES = YES;
				CLANG_ENABLE_OBJC_ARC = YES;
				CLANG_ENABLE_OBJC_WEAK = YES;
				CLANG_WARN_BLOCK_CAPTURE_AUTORELEASING = YES;
				CLANG_WARN_BOOL_CONVERSION = YES;
				CLANG_WARN_COMMA = YES;
				CLANG_WARN_CONSTANT_CONVERSION = YES;
				CLANG_WARN_DEPRECATED_OBJC_IMPLEMENTATIONS = YES;
				CLANG_WARN_DIRECT_OBJC_ISA_USAGE = YES_ERROR;
				CLANG_WARN_DOCUMENTATION_COMMENTS = YES;
				CLANG_WARN_EMPTY_BODY = YES;
				CLANG_WARN_ENUM_CONVERSION = YES;
				CLANG_WARN_INFINITE_RECURSION = YES;
				CLANG_WARN_INT_CONVERSION = YES;
				CLANG_WARN_NON_LITERAL_NULL_CONVERSION = YES;
				CLANG_WARN_OBJC_IMPLICIT_RETAIN_SELF = YES;
				CLANG_WARN_OBJC_LITERAL_CONVERSION = YES;
				CLANG_WARN_OBJC_ROOT_CLASS = YES_ERROR;
				CLANG_WARN_RANGE_LOOP_ANALYSIS = YES;
				CLANG_WARN_STRICT_PROTOTYPES = YES;
				CLANG_WARN_SUSPICIOUS_MOVE = YES;
				CLANG_WARN_UNGUARDED_AVAILABILITY = YES_AGGRESSIVE;
				CLANG_WARN_UNREACHABLE_CODE = YES;
				CLANG_WARN__DUPLICATE_METHOD_MATCH = YES;
				CODE_SIGN_IDENTITY = "iPhone Developer";
				COPY_PHASE_STRIP = NO;
				DEBUG_INFORMATION_FORMAT = "dwarf-with-dsym";
				ENABLE_NS_ASSERTIONS = NO;
				ENABLE_STRICT_OBJC_MSGSEND = YES;
				GCC_C_LANGUAGE_STANDARD = gnu11;
				GCC_NO_COMMON_BLOCKS = YES;
				GCC_WARN_64_TO_32_BIT_CONVERSION = YES;
				GCC_WARN_ABOUT_RETURN_TYPE = YES_ERROR;
				GCC_WARN_UNDECLARED_SELECTOR = YES;
				GCC_WARN_UNINITIALIZED_AUTOS = YES_AGGRESSIVE;
				GCC_WARN_UNUSED_FUNCTION = YES;
				GCC_WARN_UNUSED_VARIABLE = YES;
				IPHONEOS_DEPLOYMENT_TARGET = 12.4;
				MTL_ENABLE_DEBUG_INFO = NO;
				MTL_FAST_MATH = YES;
				SDKROOT = iphoneos;
				SWIFT_COMPILATION_MODE = wholemodule;
				SWIFT_OPTIMIZATION_LEVEL = "-O";
				VALIDATE_PRODUCT = YES;
			};
			name = Release;
		};
		EC422D7CD78233DA8D07F8C117D532AE /* Release */ = {
			isa = XCBuildConfiguration;
			baseConfigurationReference = D98E658C15E41927F106017B130EE3B3 /* Pods-XX.release.xcconfig */;
			buildSettings = {
				ASSETCATALOG_COMPILER_APPICON_NAME = AppIcon;
				CLANG_ENABLE_MODULES = YES;
				CODE_SIGN_IDENTITY = "iPhone Developer";
				CODE_SIGN_STYLE = Automatic;
				DEVELOPMENT_TEAM = 79JAW5V2W8;
				INFOPLIST_FILE = XX/Info.plist;
				LD_RUNPATH_SEARCH_PATHS = (
					"$(inherited)",
					"@executable_path/Frameworks",
				);
				PRODUCT_BUNDLE_IDENTIFIER = com.yapp.XX1;
				PRODUCT_NAME = "$(TARGET_NAME)";
				PROVISIONING_PROFILE_SPECIFIER = "";
				SWIFT_OBJC_BRIDGING_HEADER = "XX/XX-Bridging-Header.h";
				SWIFT_VERSION = 5.0;
				TARGETED_DEVICE_FAMILY = 1;
			};
			name = Release;
		};
/* End XCBuildConfiguration section */

/* Begin XCConfigurationList section */
		440D28CF52A1BAF60963BE56A650A98A /* Build configuration list for PBXNativeTarget "XX" */ = {
			isa = XCConfigurationList;
			buildConfigurations = (
				46D1817B8A1A520F651124C06B9810B6 /* Debug */,
				EC422D7CD78233DA8D07F8C117D532AE /* Release */,
			);
			defaultConfigurationIsVisible = 0;
			defaultConfigurationName = Release;
		};
		D496A722954185720D633B3BD2A62335 /* Build configuration list for PBXProject "XX" */ = {
			isa = XCConfigurationList;
			buildConfigurations = (
				6B3E83995DB6F7D3A2352722CBE24A21 /* Debug */,
				D6A52F38B9F9D8181348F70ABCABAF83 /* Release */,
			);
			defaultConfigurationIsVisible = 0;
			defaultConfigurationName = Release;
		};
/* End XCConfigurationList section */

/* Begin XCVersionGroup section */
		6A936F4821BD2FC82AAA38CB1DC2CC92 /* Mondey.xcdatamodeld */ = {
			isa = XCVersionGroup;
			children = (
				3F8BE3EB03A281B39827EE1978D8EB28 /* Mondey.xcdatamodel */,
			);
			currentVersion = 3F8BE3EB03A281B39827EE1978D8EB28 /* Mondey.xcdatamodel */;
			path = Mondey.xcdatamodeld;
			sourceTree = "<group>";
			versionGroupType = wrapper.xcdatamodel;
		};
/* End XCVersionGroup section */
	};
	rootObject = 8943F008160C603D30F8996B9D24F07A /* Project object */;
}
